
Microsoft Visual Studio Solution File, Format Version 12.00
# Visual Studio Version 17
VisualStudioVersion = 17.13.35825.156
MinimumVisualStudioVersion = 10.0.40219.1
Project("{2150E333-8FDC-42A3-9474-1A3956D46DE8}") = "Chapter01", "Chapter01", "{DDB4EF12-CC4E-5E88-E6FC-71A802F4DE97}"
EndProject
Project("{FAE04EC0-301F-11D3-BF4B-00C04F79EFBC}") = "ProductSample", "Chapter01\ProductSample\ProductSample.csproj", "{68D9A9DB-C288-484D-955A-209BF6FC5094}"
EndProject
Project("{2150E333-8FDC-42A3-9474-1A3956D46DE8}") = "Chapter02", "Chapter02", "{71BDC071-3BE7-4868-A23B-FC55BABEFDBD}"
EndProject
Project("{FAE04EC0-301F-11D3-BF4B-00C04F79EFBC}") = "DistanceConverter", "Chapter02\DistanceConverter\DistanceConverter.csproj", "{2E1EAB21-6AE4-4BF4-8F59-757360ADC4B0}"
EndProject
Project("{2150E333-8FDC-42A3-9474-1A3956D46DE8}") = "演習問題", "演習問題", "{612C5A04-8CDF-4083-A9C9-D3124DD1EB8E}"
EndProject
Project("{FAE04EC0-301F-11D3-BF4B-00C04F79EFBC}") = "Exercize02", "Chapter02\演習問題\Exercize02\Exercize02.csproj", "{017CE9CA-1499-4041-B2D5-B32FD2661742}"
EndProject
Project("{2150E333-8FDC-42A3-9474-1A3956D46DE8}") = "距離換算プログラム", "距離換算プログラム", "{89B49A07-52E1-4B0A-8D7F-D27B356667BF}"
EndProject
Project("{2150E333-8FDC-42A3-9474-1A3956D46DE8}") = "FormApps", "FormApps", "{991E14E1-1EB8-4C29-8413-B320BA5D43CC}"
EndProject
Project("{2150E333-8FDC-42A3-9474-1A3956D46DE8}") = "売上集計プログラム", "売上集計プログラム", "{06A969E0-6A4E-4405-9161-60E4B768C711}"
EndProject
Project("{FAE04EC0-301F-11D3-BF4B-00C04F79EFBC}") = "SalesCalculator", "Chapter02\SalesCalculator\SalesCalculator.csproj", "{B153EF5D-061B-4BEA-B902-EC69D00870EE}"
EndProject
Project("{FAE04EC0-301F-11D3-BF4B-00C04F79EFBC}") = "Exercize01", "Chapter02\演習問題\Exercize01\Exercize01.csproj", "{08DE0F35-F523-4EE0-9FA3-EDE6BEE382B9}"
EndProject
Project("{2150E333-8FDC-42A3-9474-1A3956D46DE8}") = "Chapter03", "Chapter03", "{42F9DE85-DFFF-4BE0-B4F2-EFB9B0C563EF}"
EndProject
Project("{FAE04EC0-301F-11D3-BF4B-00C04F79EFBC}") = "Section01", "Chapter03\Section01\Section01.csproj", "{8D9554B5-DA48-4434-BE99-DABD4D39D611}"
EndProject
Project("{2150E333-8FDC-42A3-9474-1A3956D46DE8}") = "演習問題", "演習問題", "{23C60EFB-D078-420C-9419-35A9003C32A2}"
EndProject
Project("{FAE04EC0-301F-11D3-BF4B-00C04F79EFBC}") = "Exercize02", "Chapter03\演習問題\Exercize02\Exercize02.csproj", "{D1AE767F-EC61-4480-AA74-E1B78C3EC367}"
EndProject
Project("{FAE04EC0-301F-11D3-BF4B-00C04F79EFBC}") = "Section04", "Chapter03\Section04\Section04.csproj", "{36E23F7B-60C0-40C2-8353-5EAA5C5E3E0E}"
EndProject
Project("{FAE04EC0-301F-11D3-BF4B-00C04F79EFBC}") = "Exercize01", "Chapter03\演習問題\Exercize01\Exercize01.csproj", "{D00B9007-DDC0-4783-BE3B-B80A9946EC3A}"
EndProject
Project("{2150E333-8FDC-42A3-9474-1A3956D46DE8}") = "Chapter04", "Chapter04", "{63DA03D3-C3CA-49F8-B4C1-7896E5F46EEF}"
EndProject
Project("{FAE04EC0-301F-11D3-BF4B-00C04F79EFBC}") = "Section04", "Chapter04\Section04\Section04.csproj", "{1314517A-679E-4A22-A536-D1E92B2B2E9C}"
EndProject
Project("{2150E333-8FDC-42A3-9474-1A3956D46DE8}") = "演習問題", "演習問題", "{DB400181-F6DB-41DB-BD42-E1713C8906F5}"
EndProject
Project("{FAE04EC0-301F-11D3-BF4B-00C04F79EFBC}") = "Exercize01", "Chapter04\演習問題\Exercize01\Exercize01.csproj", "{C78F9B7B-CC8D-4DA5-B745-A513C3610667}"
EndProject
Project("{FAE04EC0-301F-11D3-BF4B-00C04F79EFBC}") = "Exercise02", "Chapter04\演習問題\Exercise02\Exercise02.csproj", "{C1D63E63-E64B-FCB7-4276-5EBCB0FEC291}"
EndProject
Project("{2150E333-8FDC-42A3-9474-1A3956D46DE8}") = "LINQ", "LINQ", "{007BE683-D557-481D-8F30-25570B034DA9}"
EndProject
Project("{FAE04EC0-301F-11D3-BF4B-00C04F79EFBC}") = "LinqSample", "LINQ\LinqSample\LinqSample.csproj", "{C1EB630E-2CE0-4253-8858-7BAEEADB9EB0}"
EndProject
Project("{2150E333-8FDC-42A3-9474-1A3956D46DE8}") = "chapter07", "chapter07", "{DC9863D6-688D-4E0B-A344-F8DA4E0712D4}"
EndProject
Project("{2150E333-8FDC-42A3-9474-1A3956D46DE8}") = "演習問題", "演習問題", "{EF3BC4F6-E882-4DB7-B489-15338988B45B}"
EndProject
Project("{FAE04EC0-301F-11D3-BF4B-00C04F79EFBC}") = "Exercize01", "chapter07\演習問題\ConsoleApp1\Exercize01.csproj", "{C5DED806-E91A-4366-BC3B-03BFC19179CE}"
EndProject
Project("{FAE04EC0-301F-11D3-BF4B-00C04F79EFBC}") = "Section01", "chapter07\Section01\Section01.csproj", "{5F2171FA-B0E6-47FC-9DB0-78E2EE99743A}"
EndProject
Project("{FAE04EC0-301F-11D3-BF4B-00C04F79EFBC}") = "Section05", "chapter07\Section05\Section05.csproj", "{73226471-5F7E-4760-B2A3-7F2757C5144C}"
EndProject
Project("{FAE04EC0-301F-11D3-BF4B-00C04F79EFBC}") = "Exercize02", "chapter07\演習問題\Exercize02\Exercize02.csproj", "{F7CB47B1-D7B3-42DB-9804-37CF076F1BAD}"
EndProject
Project("{2150E333-8FDC-42A3-9474-1A3956D46DE8}") = "chapter06", "chapter06", "{79ED9938-7150-4060-A127-00076DCADD9A}"
EndProject
Project("{FAE04EC0-301F-11D3-BF4B-00C04F79EFBC}") = "Section01", "chapter06\Section01\Section01.csproj", "{E10430E2-8DAA-4B01-BB3C-C4FA5688E4E3}"
EndProject
Project("{2150E333-8FDC-42A3-9474-1A3956D46DE8}") = "演習問題", "演習問題", "{4112E704-EBF5-4514-BA71-E1F09E449402}"
EndProject
Project("{FAE04EC0-301F-11D3-BF4B-00C04F79EFBC}") = "Exercize01", "chapter06\演習問題\Exercize01\Exercize01.csproj", "{50A5C515-AEFD-44F8-9CD8-3054E3C6EF48}"
EndProject
Project("{FAE04EC0-301F-11D3-BF4B-00C04F79EFBC}") = "Exercize03", "chapter06\演習問題\Exercize03\Exercize03.csproj", "{744D0B4B-2831-490A-B1CA-8CE647F3EEC6}"
EndProject
Project("{FAE04EC0-301F-11D3-BF4B-00C04F79EFBC}") = "Exercize04", "chapter06\演習問題\Exercize04\Exercize04.csproj", "{D6D867F6-649E-4E56-8A07-6E2F13769830}"
EndProject
Project("{FAE04EC0-301F-11D3-BF4B-00C04F79EFBC}") = "Section03", "chapter06\演習問題\Section03\Section03.csproj", "{E7FF8864-E6A4-4C48-AD51-F1BB7F1FD590}"
EndProject
Project("{2150E333-8FDC-42A3-9474-1A3956D46DE8}") = "chapter05", "chapter05", "{56ADE803-ACAA-4E94-8BF0-30175B83B60D}"
EndProject
Project("{2150E333-8FDC-42A3-9474-1A3956D46DE8}") = "演習問題", "演習問題", "{A88BE5C9-C946-42A8-9360-57DD41793123}"
EndProject
Project("{FAE04EC0-301F-11D3-BF4B-00C04F79EFBC}") = "Section01", "chapter05\Section01\Section01.csproj", "{F2676DBD-772D-491E-AA82-8F721D5C9A1B}"
EndProject
Project("{FAE04EC0-301F-11D3-BF4B-00C04F79EFBC}") = "Section02", "chapter05\Section02\Section02.csproj", "{9B7109BC-3AF0-4C49-8076-99DFBFFF0742}"
EndProject
Project("{FAE04EC0-301F-11D3-BF4B-00C04F79EFBC}") = "Exercize01", "chapter05\演習問題\Exercize01\Exercize01.csproj", "{00829948-CC5B-4758-9F20-C4CF42A02268}"
EndProject
Project("{FAE04EC0-301F-11D3-BF4B-00C04F79EFBC}") = "Exercize02", "chapter05\演習問題\Exercize02\Exercize02.csproj", "{2213E7B9-F94A-457D-99CD-2DC75A0D9659}"
EndProject
Project("{2150E333-8FDC-42A3-9474-1A3956D46DE8}") = "chapter08", "chapter08", "{74164E74-254B-479E-AAA6-02F0AFF37DA1}"
EndProject
Project("{2150E333-8FDC-42A3-9474-1A3956D46DE8}") = "演習問題", "演習問題", "{EB971E9D-E84C-446D-8743-56BFA8882B40}"
EndProject
Project("{FAE04EC0-301F-11D3-BF4B-00C04F79EFBC}") = "Exercize01", "chapter08\演習問題\Exercize01\Exercize01.csproj", "{99765113-4C4E-4265-85F1-C63BF12C651C}"
EndProject
Project("{FAE04EC0-301F-11D3-BF4B-00C04F79EFBC}") = "PrefCapitalLocationSystem", "chapter08\PrefCapitalLocationSystem\PrefCapitalLocationSystem.csproj", "{BA3B5C5E-D6A4-39ED-6760-036CDB62E249}"
EndProject
Project("{FAE04EC0-301F-11D3-BF4B-00C04F79EFBC}") = "Section03", "chapter08\Section03\Section03.csproj", "{1327F99B-2120-4C7D-9A71-993CFB4277E0}"
EndProject
Project("{FAE04EC0-301F-11D3-BF4B-00C04F79EFBC}") = "Exercize02", "chapter08\演習問題\Exercize02\Exercize02.csproj", "{E158184A-AE60-42C8-9134-D5C0A63E4100}"
EndProject
Global
	GlobalSection(SolutionConfigurationPlatforms) = preSolution
		Debug|Any CPU = Debug|Any CPU
		Release|Any CPU = Release|Any CPU
	EndGlobalSection
	GlobalSection(ProjectConfigurationPlatforms) = postSolution
		{68D9A9DB-C288-484D-955A-209BF6FC5094}.Debug|Any CPU.ActiveCfg = Debug|Any CPU
		{68D9A9DB-C288-484D-955A-209BF6FC5094}.Debug|Any CPU.Build.0 = Debug|Any CPU
		{68D9A9DB-C288-484D-955A-209BF6FC5094}.Release|Any CPU.ActiveCfg = Release|Any CPU
		{68D9A9DB-C288-484D-955A-209BF6FC5094}.Release|Any CPU.Build.0 = Release|Any CPU
		{2E1EAB21-6AE4-4BF4-8F59-757360ADC4B0}.Debug|Any CPU.ActiveCfg = Debug|Any CPU
		{2E1EAB21-6AE4-4BF4-8F59-757360ADC4B0}.Debug|Any CPU.Build.0 = Debug|Any CPU
		{2E1EAB21-6AE4-4BF4-8F59-757360ADC4B0}.Release|Any CPU.ActiveCfg = Release|Any CPU
		{2E1EAB21-6AE4-4BF4-8F59-757360ADC4B0}.Release|Any CPU.Build.0 = Release|Any CPU
		{017CE9CA-1499-4041-B2D5-B32FD2661742}.Debug|Any CPU.ActiveCfg = Debug|Any CPU
		{017CE9CA-1499-4041-B2D5-B32FD2661742}.Debug|Any CPU.Build.0 = Debug|Any CPU
		{017CE9CA-1499-4041-B2D5-B32FD2661742}.Release|Any CPU.ActiveCfg = Release|Any CPU
		{017CE9CA-1499-4041-B2D5-B32FD2661742}.Release|Any CPU.Build.0 = Release|Any CPU
		{B153EF5D-061B-4BEA-B902-EC69D00870EE}.Debug|Any CPU.ActiveCfg = Debug|Any CPU
		{B153EF5D-061B-4BEA-B902-EC69D00870EE}.Debug|Any CPU.Build.0 = Debug|Any CPU
		{B153EF5D-061B-4BEA-B902-EC69D00870EE}.Release|Any CPU.ActiveCfg = Release|Any CPU
		{B153EF5D-061B-4BEA-B902-EC69D00870EE}.Release|Any CPU.Build.0 = Release|Any CPU
		{08DE0F35-F523-4EE0-9FA3-EDE6BEE382B9}.Debug|Any CPU.ActiveCfg = Debug|Any CPU
		{08DE0F35-F523-4EE0-9FA3-EDE6BEE382B9}.Debug|Any CPU.Build.0 = Debug|Any CPU
		{08DE0F35-F523-4EE0-9FA3-EDE6BEE382B9}.Release|Any CPU.ActiveCfg = Release|Any CPU
		{08DE0F35-F523-4EE0-9FA3-EDE6BEE382B9}.Release|Any CPU.Build.0 = Release|Any CPU
		{8D9554B5-DA48-4434-BE99-DABD4D39D611}.Debug|Any CPU.ActiveCfg = Debug|Any CPU
		{8D9554B5-DA48-4434-BE99-DABD4D39D611}.Debug|Any CPU.Build.0 = Debug|Any CPU
		{8D9554B5-DA48-4434-BE99-DABD4D39D611}.Release|Any CPU.ActiveCfg = Release|Any CPU
		{8D9554B5-DA48-4434-BE99-DABD4D39D611}.Release|Any CPU.Build.0 = Release|Any CPU
		{D1AE767F-EC61-4480-AA74-E1B78C3EC367}.Debug|Any CPU.ActiveCfg = Debug|Any CPU
		{D1AE767F-EC61-4480-AA74-E1B78C3EC367}.Debug|Any CPU.Build.0 = Debug|Any CPU
		{D1AE767F-EC61-4480-AA74-E1B78C3EC367}.Release|Any CPU.ActiveCfg = Release|Any CPU
		{D1AE767F-EC61-4480-AA74-E1B78C3EC367}.Release|Any CPU.Build.0 = Release|Any CPU
		{36E23F7B-60C0-40C2-8353-5EAA5C5E3E0E}.Debug|Any CPU.ActiveCfg = Debug|Any CPU
		{36E23F7B-60C0-40C2-8353-5EAA5C5E3E0E}.Debug|Any CPU.Build.0 = Debug|Any CPU
		{36E23F7B-60C0-40C2-8353-5EAA5C5E3E0E}.Release|Any CPU.ActiveCfg = Release|Any CPU
		{36E23F7B-60C0-40C2-8353-5EAA5C5E3E0E}.Release|Any CPU.Build.0 = Release|Any CPU
		{D00B9007-DDC0-4783-BE3B-B80A9946EC3A}.Debug|Any CPU.ActiveCfg = Debug|Any CPU
		{D00B9007-DDC0-4783-BE3B-B80A9946EC3A}.Debug|Any CPU.Build.0 = Debug|Any CPU
		{D00B9007-DDC0-4783-BE3B-B80A9946EC3A}.Release|Any CPU.ActiveCfg = Release|Any CPU
		{D00B9007-DDC0-4783-BE3B-B80A9946EC3A}.Release|Any CPU.Build.0 = Release|Any CPU
		{1314517A-679E-4A22-A536-D1E92B2B2E9C}.Debug|Any CPU.ActiveCfg = Debug|Any CPU
		{1314517A-679E-4A22-A536-D1E92B2B2E9C}.Debug|Any CPU.Build.0 = Debug|Any CPU
		{1314517A-679E-4A22-A536-D1E92B2B2E9C}.Release|Any CPU.ActiveCfg = Release|Any CPU
		{1314517A-679E-4A22-A536-D1E92B2B2E9C}.Release|Any CPU.Build.0 = Release|Any CPU
		{C78F9B7B-CC8D-4DA5-B745-A513C3610667}.Debug|Any CPU.ActiveCfg = Debug|Any CPU
		{C78F9B7B-CC8D-4DA5-B745-A513C3610667}.Debug|Any CPU.Build.0 = Debug|Any CPU
		{C78F9B7B-CC8D-4DA5-B745-A513C3610667}.Release|Any CPU.ActiveCfg = Release|Any CPU
		{C78F9B7B-CC8D-4DA5-B745-A513C3610667}.Release|Any CPU.Build.0 = Release|Any CPU
		{C1D63E63-E64B-FCB7-4276-5EBCB0FEC291}.Debug|Any CPU.ActiveCfg = Debug|Any CPU
		{C1D63E63-E64B-FCB7-4276-5EBCB0FEC291}.Debug|Any CPU.Build.0 = Debug|Any CPU
		{C1D63E63-E64B-FCB7-4276-5EBCB0FEC291}.Release|Any CPU.ActiveCfg = Release|Any CPU
		{C1D63E63-E64B-FCB7-4276-5EBCB0FEC291}.Release|Any CPU.Build.0 = Release|Any CPU
		{C1EB630E-2CE0-4253-8858-7BAEEADB9EB0}.Debug|Any CPU.ActiveCfg = Debug|Any CPU
		{C1EB630E-2CE0-4253-8858-7BAEEADB9EB0}.Debug|Any CPU.Build.0 = Debug|Any CPU
		{C1EB630E-2CE0-4253-8858-7BAEEADB9EB0}.Release|Any CPU.ActiveCfg = Release|Any CPU
		{C1EB630E-2CE0-4253-8858-7BAEEADB9EB0}.Release|Any CPU.Build.0 = Release|Any CPU
		{C5DED806-E91A-4366-BC3B-03BFC19179CE}.Debug|Any CPU.ActiveCfg = Debug|Any CPU
		{C5DED806-E91A-4366-BC3B-03BFC19179CE}.Debug|Any CPU.Build.0 = Debug|Any CPU
		{C5DED806-E91A-4366-BC3B-03BFC19179CE}.Release|Any CPU.ActiveCfg = Release|Any CPU
		{C5DED806-E91A-4366-BC3B-03BFC19179CE}.Release|Any CPU.Build.0 = Release|Any CPU
		{5F2171FA-B0E6-47FC-9DB0-78E2EE99743A}.Debug|Any CPU.ActiveCfg = Debug|Any CPU
		{5F2171FA-B0E6-47FC-9DB0-78E2EE99743A}.Debug|Any CPU.Build.0 = Debug|Any CPU
		{5F2171FA-B0E6-47FC-9DB0-78E2EE99743A}.Release|Any CPU.ActiveCfg = Release|Any CPU
		{5F2171FA-B0E6-47FC-9DB0-78E2EE99743A}.Release|Any CPU.Build.0 = Release|Any CPU
		{73226471-5F7E-4760-B2A3-7F2757C5144C}.Debug|Any CPU.ActiveCfg = Debug|Any CPU
		{73226471-5F7E-4760-B2A3-7F2757C5144C}.Debug|Any CPU.Build.0 = Debug|Any CPU
		{73226471-5F7E-4760-B2A3-7F2757C5144C}.Release|Any CPU.ActiveCfg = Release|Any CPU
		{73226471-5F7E-4760-B2A3-7F2757C5144C}.Release|Any CPU.Build.0 = Release|Any CPU
		{F7CB47B1-D7B3-42DB-9804-37CF076F1BAD}.Debug|Any CPU.ActiveCfg = Debug|Any CPU
		{F7CB47B1-D7B3-42DB-9804-37CF076F1BAD}.Debug|Any CPU.Build.0 = Debug|Any CPU
		{F7CB47B1-D7B3-42DB-9804-37CF076F1BAD}.Release|Any CPU.ActiveCfg = Release|Any CPU
		{F7CB47B1-D7B3-42DB-9804-37CF076F1BAD}.Release|Any CPU.Build.0 = Release|Any CPU
		{E10430E2-8DAA-4B01-BB3C-C4FA5688E4E3}.Debug|Any CPU.ActiveCfg = Debug|Any CPU
		{E10430E2-8DAA-4B01-BB3C-C4FA5688E4E3}.Debug|Any CPU.Build.0 = Debug|Any CPU
		{E10430E2-8DAA-4B01-BB3C-C4FA5688E4E3}.Release|Any CPU.ActiveCfg = Release|Any CPU
		{E10430E2-8DAA-4B01-BB3C-C4FA5688E4E3}.Release|Any CPU.Build.0 = Release|Any CPU
		{50A5C515-AEFD-44F8-9CD8-3054E3C6EF48}.Debug|Any CPU.ActiveCfg = Debug|Any CPU
		{50A5C515-AEFD-44F8-9CD8-3054E3C6EF48}.Debug|Any CPU.Build.0 = Debug|Any CPU
		{50A5C515-AEFD-44F8-9CD8-3054E3C6EF48}.Release|Any CPU.ActiveCfg = Release|Any CPU
		{50A5C515-AEFD-44F8-9CD8-3054E3C6EF48}.Release|Any CPU.Build.0 = Release|Any CPU
		{744D0B4B-2831-490A-B1CA-8CE647F3EEC6}.Debug|Any CPU.ActiveCfg = Debug|Any CPU
		{744D0B4B-2831-490A-B1CA-8CE647F3EEC6}.Debug|Any CPU.Build.0 = Debug|Any CPU
		{744D0B4B-2831-490A-B1CA-8CE647F3EEC6}.Release|Any CPU.ActiveCfg = Release|Any CPU
		{744D0B4B-2831-490A-B1CA-8CE647F3EEC6}.Release|Any CPU.Build.0 = Release|Any CPU
		{D6D867F6-649E-4E56-8A07-6E2F13769830}.Debug|Any CPU.ActiveCfg = Debug|Any CPU
		{D6D867F6-649E-4E56-8A07-6E2F13769830}.Debug|Any CPU.Build.0 = Debug|Any CPU
		{D6D867F6-649E-4E56-8A07-6E2F13769830}.Release|Any CPU.ActiveCfg = Release|Any CPU
		{D6D867F6-649E-4E56-8A07-6E2F13769830}.Release|Any CPU.Build.0 = Release|Any CPU
		{E7FF8864-E6A4-4C48-AD51-F1BB7F1FD590}.Debug|Any CPU.ActiveCfg = Debug|Any CPU
		{E7FF8864-E6A4-4C48-AD51-F1BB7F1FD590}.Debug|Any CPU.Build.0 = Debug|Any CPU
		{E7FF8864-E6A4-4C48-AD51-F1BB7F1FD590}.Release|Any CPU.ActiveCfg = Release|Any CPU
		{E7FF8864-E6A4-4C48-AD51-F1BB7F1FD590}.Release|Any CPU.Build.0 = Release|Any CPU
		{F2676DBD-772D-491E-AA82-8F721D5C9A1B}.Debug|Any CPU.ActiveCfg = Debug|Any CPU
		{F2676DBD-772D-491E-AA82-8F721D5C9A1B}.Debug|Any CPU.Build.0 = Debug|Any CPU
		{F2676DBD-772D-491E-AA82-8F721D5C9A1B}.Release|Any CPU.ActiveCfg = Release|Any CPU
		{F2676DBD-772D-491E-AA82-8F721D5C9A1B}.Release|Any CPU.Build.0 = Release|Any CPU
		{9B7109BC-3AF0-4C49-8076-99DFBFFF0742}.Debug|Any CPU.ActiveCfg = Debug|Any CPU
		{9B7109BC-3AF0-4C49-8076-99DFBFFF0742}.Debug|Any CPU.Build.0 = Debug|Any CPU
		{9B7109BC-3AF0-4C49-8076-99DFBFFF0742}.Release|Any CPU.ActiveCfg = Release|Any CPU
		{9B7109BC-3AF0-4C49-8076-99DFBFFF0742}.Release|Any CPU.Build.0 = Release|Any CPU
		{00829948-CC5B-4758-9F20-C4CF42A02268}.Debug|Any CPU.ActiveCfg = Debug|Any CPU
		{00829948-CC5B-4758-9F20-C4CF42A02268}.Debug|Any CPU.Build.0 = Debug|Any CPU
		{00829948-CC5B-4758-9F20-C4CF42A02268}.Release|Any CPU.ActiveCfg = Release|Any CPU
		{00829948-CC5B-4758-9F20-C4CF42A02268}.Release|Any CPU.Build.0 = Release|Any CPU
		{2213E7B9-F94A-457D-99CD-2DC75A0D9659}.Debug|Any CPU.ActiveCfg = Debug|Any CPU
		{2213E7B9-F94A-457D-99CD-2DC75A0D9659}.Debug|Any CPU.Build.0 = Debug|Any CPU
		{2213E7B9-F94A-457D-99CD-2DC75A0D9659}.Release|Any CPU.ActiveCfg = Release|Any CPU
		{2213E7B9-F94A-457D-99CD-2DC75A0D9659}.Release|Any CPU.Build.0 = Release|Any CPU
		{99765113-4C4E-4265-85F1-C63BF12C651C}.Debug|Any CPU.ActiveCfg = Debug|Any CPU
		{99765113-4C4E-4265-85F1-C63BF12C651C}.Debug|Any CPU.Build.0 = Debug|Any CPU
		{99765113-4C4E-4265-85F1-C63BF12C651C}.Release|Any CPU.ActiveCfg = Release|Any CPU
		{99765113-4C4E-4265-85F1-C63BF12C651C}.Release|Any CPU.Build.0 = Release|Any CPU
		{BA3B5C5E-D6A4-39ED-6760-036CDB62E249}.Debug|Any CPU.ActiveCfg = Debug|Any CPU
		{BA3B5C5E-D6A4-39ED-6760-036CDB62E249}.Debug|Any CPU.Build.0 = Debug|Any CPU
		{BA3B5C5E-D6A4-39ED-6760-036CDB62E249}.Release|Any CPU.ActiveCfg = Release|Any CPU
		{BA3B5C5E-D6A4-39ED-6760-036CDB62E249}.Release|Any CPU.Build.0 = Release|Any CPU
		{1327F99B-2120-4C7D-9A71-993CFB4277E0}.Debug|Any CPU.ActiveCfg = Debug|Any CPU
		{1327F99B-2120-4C7D-9A71-993CFB4277E0}.Debug|Any CPU.Build.0 = Debug|Any CPU
		{1327F99B-2120-4C7D-9A71-993CFB4277E0}.Release|Any CPU.ActiveCfg = Release|Any CPU
		{1327F99B-2120-4C7D-9A71-993CFB4277E0}.Release|Any CPU.Build.0 = Release|Any CPU
		{E158184A-AE60-42C8-9134-D5C0A63E4100}.Debug|Any CPU.ActiveCfg = Debug|Any CPU
		{E158184A-AE60-42C8-9134-D5C0A63E4100}.Debug|Any CPU.Build.0 = Debug|Any CPU
		{E158184A-AE60-42C8-9134-D5C0A63E4100}.Release|Any CPU.ActiveCfg = Release|Any CPU
		{E158184A-AE60-42C8-9134-D5C0A63E4100}.Release|Any CPU.Build.0 = Release|Any CPU
	EndGlobalSection
	GlobalSection(SolutionProperties) = preSolution
		HideSolutionNode = FALSE
	EndGlobalSection
	GlobalSection(NestedProjects) = preSolution
		{68D9A9DB-C288-484D-955A-209BF6FC5094} = {DDB4EF12-CC4E-5E88-E6FC-71A802F4DE97}
		{2E1EAB21-6AE4-4BF4-8F59-757360ADC4B0} = {71BDC071-3BE7-4868-A23B-FC55BABEFDBD}
		{612C5A04-8CDF-4083-A9C9-D3124DD1EB8E} = {71BDC071-3BE7-4868-A23B-FC55BABEFDBD}
		{017CE9CA-1499-4041-B2D5-B32FD2661742} = {612C5A04-8CDF-4083-A9C9-D3124DD1EB8E}
		{89B49A07-52E1-4B0A-8D7F-D27B356667BF} = {71BDC071-3BE7-4868-A23B-FC55BABEFDBD}
		{06A969E0-6A4E-4405-9161-60E4B768C711} = {71BDC071-3BE7-4868-A23B-FC55BABEFDBD}
		{B153EF5D-061B-4BEA-B902-EC69D00870EE} = {06A969E0-6A4E-4405-9161-60E4B768C711}
		{08DE0F35-F523-4EE0-9FA3-EDE6BEE382B9} = {612C5A04-8CDF-4083-A9C9-D3124DD1EB8E}
		{8D9554B5-DA48-4434-BE99-DABD4D39D611} = {42F9DE85-DFFF-4BE0-B4F2-EFB9B0C563EF}
		{23C60EFB-D078-420C-9419-35A9003C32A2} = {42F9DE85-DFFF-4BE0-B4F2-EFB9B0C563EF}
		{D1AE767F-EC61-4480-AA74-E1B78C3EC367} = {23C60EFB-D078-420C-9419-35A9003C32A2}
		{36E23F7B-60C0-40C2-8353-5EAA5C5E3E0E} = {42F9DE85-DFFF-4BE0-B4F2-EFB9B0C563EF}
		{D00B9007-DDC0-4783-BE3B-B80A9946EC3A} = {23C60EFB-D078-420C-9419-35A9003C32A2}
		{1314517A-679E-4A22-A536-D1E92B2B2E9C} = {63DA03D3-C3CA-49F8-B4C1-7896E5F46EEF}
		{DB400181-F6DB-41DB-BD42-E1713C8906F5} = {63DA03D3-C3CA-49F8-B4C1-7896E5F46EEF}
		{C78F9B7B-CC8D-4DA5-B745-A513C3610667} = {DB400181-F6DB-41DB-BD42-E1713C8906F5}
		{C1D63E63-E64B-FCB7-4276-5EBCB0FEC291} = {DB400181-F6DB-41DB-BD42-E1713C8906F5}
		{C1EB630E-2CE0-4253-8858-7BAEEADB9EB0} = {007BE683-D557-481D-8F30-25570B034DA9}
		{EF3BC4F6-E882-4DB7-B489-15338988B45B} = {DC9863D6-688D-4E0B-A344-F8DA4E0712D4}
		{C5DED806-E91A-4366-BC3B-03BFC19179CE} = {EF3BC4F6-E882-4DB7-B489-15338988B45B}
		{5F2171FA-B0E6-47FC-9DB0-78E2EE99743A} = {DC9863D6-688D-4E0B-A344-F8DA4E0712D4}
		{73226471-5F7E-4760-B2A3-7F2757C5144C} = {DC9863D6-688D-4E0B-A344-F8DA4E0712D4}
		{F7CB47B1-D7B3-42DB-9804-37CF076F1BAD} = {EF3BC4F6-E882-4DB7-B489-15338988B45B}
		{E10430E2-8DAA-4B01-BB3C-C4FA5688E4E3} = {79ED9938-7150-4060-A127-00076DCADD9A}
		{4112E704-EBF5-4514-BA71-E1F09E449402} = {79ED9938-7150-4060-A127-00076DCADD9A}
		{50A5C515-AEFD-44F8-9CD8-3054E3C6EF48} = {4112E704-EBF5-4514-BA71-E1F09E449402}
		{744D0B4B-2831-490A-B1CA-8CE647F3EEC6} = {4112E704-EBF5-4514-BA71-E1F09E449402}
		{D6D867F6-649E-4E56-8A07-6E2F13769830} = {4112E704-EBF5-4514-BA71-E1F09E449402}
		{E7FF8864-E6A4-4C48-AD51-F1BB7F1FD590} = {4112E704-EBF5-4514-BA71-E1F09E449402}
		{A88BE5C9-C946-42A8-9360-57DD41793123} = {56ADE803-ACAA-4E94-8BF0-30175B83B60D}
		{F2676DBD-772D-491E-AA82-8F721D5C9A1B} = {56ADE803-ACAA-4E94-8BF0-30175B83B60D}
		{9B7109BC-3AF0-4C49-8076-99DFBFFF0742} = {A88BE5C9-C946-42A8-9360-57DD41793123}
		{00829948-CC5B-4758-9F20-C4CF42A02268} = {A88BE5C9-C946-42A8-9360-57DD41793123}
		{2213E7B9-F94A-457D-99CD-2DC75A0D9659} = {A88BE5C9-C946-42A8-9360-57DD41793123}
		{EB971E9D-E84C-446D-8743-56BFA8882B40} = {74164E74-254B-479E-AAA6-02F0AFF37DA1}
		{99765113-4C4E-4265-85F1-C63BF12C651C} = {EB971E9D-E84C-446D-8743-56BFA8882B40}
		{BA3B5C5E-D6A4-39ED-6760-036CDB62E249} = {74164E74-254B-479E-AAA6-02F0AFF37DA1}
		{1327F99B-2120-4C7D-9A71-993CFB4277E0} = {74164E74-254B-479E-AAA6-02F0AFF37DA1}
		{E158184A-AE60-42C8-9134-D5C0A63E4100} = {EB971E9D-E84C-446D-8743-56BFA8882B40}
	EndGlobalSection
	GlobalSection(ExtensibilityGlobals) = postSolution
		SolutionGuid = {28BCC89A-A3BD-4783-8893-79F4BA29A7C7}
	EndGlobalSection
EndGlobal
