
Microsoft Visual Studio Solution File, Format Version 12.00
# Visual Studio Version 17
VisualStudioVersion = 17.13.35825.156
MinimumVisualStudioVersion = 10.0.40219.1
Project("{2150E333-8FDC-42A3-9474-1A3956D46DE8}") = "Chapter01", "Chapter01", "{DDB4EF12-CC4E-5E88-E6FC-71A802F4DE97}"
EndProject
Project("{FAE04EC0-301F-11D3-BF4B-00C04F79EFBC}") = "ProductSample", "Chapter01\ProductSample\ProductSample.csproj", "{68D9A9DB-C288-484D-955A-209BF6FC5094}"
EndProject
Project("{2150E333-8FDC-42A3-9474-1A3956D46DE8}") = "Chapter02", "Chapter02", "{71BDC071-3BE7-4868-A23B-FC55BABEFDBD}"
EndProject
Project("{FAE04EC0-301F-11D3-BF4B-00C04F79EFBC}") = "DistanceConverter", "Chapter02\DistanceConverter\DistanceConverter.csproj", "{2E1EAB21-6AE4-4BF4-8F59-757360ADC4B0}"
EndProject
Project("{2150E333-8FDC-42A3-9474-1A3956D46DE8}") = "演習問題", "演習問題", "{612C5A04-8CDF-4083-A9C9-D3124DD1EB8E}"
EndProject
Project("{FAE04EC0-301F-11D3-BF4B-00C04F79EFBC}") = "Exercize02", "Chapter02\演習問題\Exercize02\Exercize02.csproj", "{017CE9CA-1499-4041-B2D5-B32FD2661742}"
EndProject
Project("{2150E333-8FDC-42A3-9474-1A3956D46DE8}") = "距離換算プログラム", "距離換算プログラム", "{89B49A07-52E1-4B0A-8D7F-D27B356667BF}"
EndProject
Project("{2150E333-8FDC-42A3-9474-1A3956D46DE8}") = "FormApps", "FormApps", "{991E14E1-1EB8-4C29-8413-B320BA5D43CC}"
EndProject
Project("{2150E333-8FDC-42A3-9474-1A3956D46DE8}") = "売上集計プログラム", "売上集計プログラム", "{06A969E0-6A4E-4405-9161-60E4B768C711}"
EndProject
Project("{FAE04EC0-301F-11D3-BF4B-00C04F79EFBC}") = "SalesCalculator", "Chapter02\SalesCalculator\SalesCalculator.csproj", "{B153EF5D-061B-4BEA-B902-EC69D00870EE}"
EndProject
Project("{FAE04EC0-301F-11D3-BF4B-00C04F79EFBC}") = "Exercize01", "Chapter02\演習問題\Exercize01\Exercize01.csproj", "{08DE0F35-F523-4EE0-9FA3-EDE6BEE382B9}"
EndProject
Project("{2150E333-8FDC-42A3-9474-1A3956D46DE8}") = "Chapter03", "Chapter03", "{42F9DE85-DFFF-4BE0-B4F2-EFB9B0C563EF}"
EndProject
Project("{FAE04EC0-301F-11D3-BF4B-00C04F79EFBC}") = "Section01", "Chapter03\Section01\Section01.csproj", "{8D9554B5-DA48-4434-BE99-DABD4D39D611}"
EndProject
Project("{2150E333-8FDC-42A3-9474-1A3956D46DE8}") = "演習問題", "演習問題", "{23C60EFB-D078-420C-9419-35A9003C32A2}"
EndProject
Project("{FAE04EC0-301F-11D3-BF4B-00C04F79EFBC}") = "Exercize02", "Chapter03\演習問題\Exercize02\Exercize02.csproj", "{D1AE767F-EC61-4480-AA74-E1B78C3EC367}"
EndProject
Project("{FAE04EC0-301F-11D3-BF4B-00C04F79EFBC}") = "Section04", "Chapter03\Section04\Section04.csproj", "{36E23F7B-60C0-40C2-8353-5EAA5C5E3E0E}"
EndProject
Project("{FAE04EC0-301F-11D3-BF4B-00C04F79EFBC}") = "Exercize01", "Chapter03\演習問題\Exercize01\Exercize01.csproj", "{D00B9007-DDC0-4783-BE3B-B80A9946EC3A}"
EndProject
Project("{2150E333-8FDC-42A3-9474-1A3956D46DE8}") = "Chapter04", "Chapter04", "{63DA03D3-C3CA-49F8-B4C1-7896E5F46EEF}"
EndProject
Project("{FAE04EC0-301F-11D3-BF4B-00C04F79EFBC}") = "Section04", "Chapter04\Section04\Section04.csproj", "{1314517A-679E-4A22-A536-D1E92B2B2E9C}"
EndProject
Project("{2150E333-8FDC-42A3-9474-1A3956D46DE8}") = "演習問題", "演習問題", "{DB400181-F6DB-41DB-BD42-E1713C8906F5}"
EndProject
Project("{FAE04EC0-301F-11D3-BF4B-00C04F79EFBC}") = "Exercize01", "Chapter04\演習問題\Exercize01\Exercize01.csproj", "{C78F9B7B-CC8D-4DA5-B745-A513C3610667}"
EndProject
Project("{FAE04EC0-301F-11D3-BF4B-00C04F79EFBC}") = "Exercise02", "Chapter04\演習問題\Exercise02\Exercise02.csproj", "{C1D63E63-E64B-FCB7-4276-5EBCB0FEC291}"
EndProject
Project("{2150E333-8FDC-42A3-9474-1A3956D46DE8}") = "LINQ", "LINQ", "{007BE683-D557-481D-8F30-25570B034DA9}"
EndProject
Project("{FAE04EC0-301F-11D3-BF4B-00C04F79EFBC}") = "LinqSample", "LINQ\LinqSample\LinqSample.csproj", "{C1EB630E-2CE0-4253-8858-7BAEEADB9EB0}"
EndProject
Project("{2150E333-8FDC-42A3-9474-1A3956D46DE8}") = "chapter07", "chapter07", "{DC9863D6-688D-4E0B-A344-F8DA4E0712D4}"
EndProject
Project("{2150E333-8FDC-42A3-9474-1A3956D46DE8}") = "演習問題", "演習問題", "{EF3BC4F6-E882-4DB7-B489-15338988B45B}"
EndProject
Project("{FAE04EC0-301F-11D3-BF4B-00C04F79EFBC}") = "Exercize01", "chapter07\演習問題\ConsoleApp1\Exercize01.csproj", "{C5DED806-E91A-4366-BC3B-03BFC19179CE}"
EndProject
Project("{FAE04EC0-301F-11D3-BF4B-00C04F79EFBC}") = "Section01", "chapter07\Section01\Section01.csproj", "{5F2171FA-B0E6-47FC-9DB0-78E2EE99743A}"
EndProject
Project("{FAE04EC0-301F-11D3-BF4B-00C04F79EFBC}") = "Section05", "chapter07\Section05\Section05.csproj", "{73226471-5F7E-4760-B2A3-7F2757C5144C}"
EndProject
Project("{FAE04EC0-301F-11D3-BF4B-00C04F79EFBC}") = "Exercize02", "chapter07\演習問題\Exercize02\Exercize02.csproj", "{F7CB47B1-D7B3-42DB-9804-37CF076F1BAD}"
EndProject
Project("{2150E333-8FDC-42A3-9474-1A3956D46DE8}") = "chapter06", "chapter06", "{79ED9938-7150-4060-A127-00076DCADD9A}"
EndProject
Project("{FAE04EC0-301F-11D3-BF4B-00C04F79EFBC}") = "Section01", "chapter06\Section01\Section01.csproj", "{E10430E2-8DAA-4B01-BB3C-C4FA5688E4E3}"
EndProject
Project("{2150E333-8FDC-42A3-9474-1A3956D46DE8}") = "演習問題", "演習問題", "{4112E704-EBF5-4514-BA71-E1F09E449402}"
EndProject
Project("{FAE04EC0-301F-11D3-BF4B-00C04F79EFBC}") = "Exercize01", "chapter06\演習問題\Exercize01\Exercize01.csproj", "{50A5C515-AEFD-44F8-9CD8-3054E3C6EF48}"
EndProject
Project("{FAE04EC0-301F-11D3-BF4B-00C04F79EFBC}") = "Exercize03", "chapter06\演習問題\Exercize03\Exercize03.csproj", "{744D0B4B-2831-490A-B1CA-8CE647F3EEC6}"
EndProject
Project("{FAE04EC0-301F-11D3-BF4B-00C04F79EFBC}") = "Exercize04", "chapter06\演習問題\Exercize04\Exercize04.csproj", "{D6D867F6-649E-4E56-8A07-6E2F13769830}"
EndProject
Project("{FAE04EC0-301F-11D3-BF4B-00C04F79EFBC}") = "Section03", "chapter06\演習問題\Section03\Section03.csproj", "{E7FF8864-E6A4-4C48-AD51-F1BB7F1FD590}"
EndProject
Project("{2150E333-8FDC-42A3-9474-1A3956D46DE8}") = "chapter05", "chapter05", "{56ADE803-ACAA-4E94-8BF0-30175B83B60D}"
EndProject
Project("{2150E333-8FDC-42A3-9474-1A3956D46DE8}") = "演習問題", "演習問題", "{A88BE5C9-C946-42A8-9360-57DD41793123}"
EndProject
Project("{FAE04EC0-301F-11D3-BF4B-00C04F79EFBC}") = "Section01", "chapter05\Section01\Section01.csproj", "{F2676DBD-772D-491E-AA82-8F721D5C9A1B}"
EndProject
Project("{FAE04EC0-301F-11D3-BF4B-00C04F79EFBC}") = "Section02", "chapter05\Section02\Section02.csproj", "{9B7109BC-3AF0-4C49-8076-99DFBFFF0742}"
EndProject
Project("{FAE04EC0-301F-11D3-BF4B-00C04F79EFBC}") = "Exercize01", "chapter05\演習問題\Exercize01\Exercize01.csproj", "{00829948-CC5B-4758-9F20-C4CF42A02268}"
EndProject
Project("{FAE04EC0-301F-11D3-BF4B-00C04F79EFBC}") = "Exercize02", "chapter05\演習問題\Exercize02\Exercize02.csproj", "{2213E7B9-F94A-457D-99CD-2DC75A0D9659}"
EndProject
Project("{2150E333-8FDC-42A3-9474-1A3956D46DE8}") = "chapter08", "chapter08", "{74164E74-254B-479E-AAA6-02F0AFF37DA1}"
EndProject
Project("{2150E333-8FDC-42A3-9474-1A3956D46DE8}") = "演習問題", "演習問題", "{EB971E9D-E84C-446D-8743-56BFA8882B40}"
EndProject
Project("{FAE04EC0-301F-11D3-BF4B-00C04F79EFBC}") = "Exercize01", "chapter08\演習問題\Exercize01\Exercize01.csproj", "{99765113-4C4E-4265-85F1-C63BF12C651C}"
EndProject
Project("{FAE04EC0-301F-11D3-BF4B-00C04F79EFBC}") = "PrefCapitalLocationSystem", "chapter08\PrefCapitalLocationSystem\PrefCapitalLocationSystem.csproj", "{BA3B5C5E-D6A4-39ED-6760-036CDB62E249}"
EndProject
Project("{FAE04EC0-301F-11D3-BF4B-00C04F79EFBC}") = "Section03", "chapter08\Section03\Section03.csproj", "{1327F99B-2120-4C7D-9A71-993CFB4277E0}"
EndProject
Project("{FAE04EC0-301F-11D3-BF4B-00C04F79EFBC}") = "Exercize02", "chapter08\演習問題\Exercize02\Exercize02.csproj", "{E158184A-AE60-42C8-9134-D5C0A63E4100}"
EndProject
Project("{2150E333-8FDC-42A3-9474-1A3956D46DE8}") = "Test01", "Test01", "{DAFAC60C-0228-453E-8664-C04BEC7A8A0C}"
EndProject
Project("{FAE04EC0-301F-11D3-BF4B-00C04F79EFBC}") = "Test01", "Test01\Test01\Test01.csproj", "{6EF7678A-A725-F430-3097-30F090C0100A}"
EndProject
Project("{FAE04EC0-301F-11D3-BF4B-00C04F79EFBC}") = "Test02", "Test01\Test02\Test02.csproj", "{010D0C11-D6A2-3CA6-3281-4E0FD547EC2D}"
EndProject
Project("{2150E333-8FDC-42A3-9474-1A3956D46DE8}") = "chapter09", "chapter09", "{6045F4B5-699C-4F7B-A963-78D1149E0FB2}"
EndProject
Project("{FAE04EC0-301F-11D3-BF4B-00C04F79EFBC}") = "Section01", "chapter09\Section01\Section01.csproj", "{E1B8B3C1-88BA-4963-BA19-4DCA74ADC9B1}"
EndProject
Project("{2150E333-8FDC-42A3-9474-1A3956D46DE8}") = "演習問題", "演習問題", "{9BD0E06A-7195-45BA-9845-02D1A9393DEC}"
EndProject
Project("{FAE04EC0-301F-11D3-BF4B-00C04F79EFBC}") = "Exercise01", "chapter09\演習問題\Exercize01\Exercise01.csproj", "{493A05FE-6114-496D-9B32-2520CC08E17B}"
EndProject
Project("{FAE04EC0-301F-11D3-BF4B-00C04F79EFBC}") = "Exercise02", "chapter09\演習問題\Exercise02\Exercise02.csproj", "{52442FBF-AB1E-12BC-8344-0695887AC3CB}"
EndProject
Project("{FAE04EC0-301F-11D3-BF4B-00C04F79EFBC}") = "Exercise03", "chapter09\演習問題\Exercise03\Exercise03.csproj", "{13EA441B-E72F-5CA2-D5D4-B3F52139D7CF}"
EndProject
Project("{FAE04EC0-301F-11D3-BF4B-00C04F79EFBC}") = "CarReportSystem", "FormApps\CarReportSystem\CarReportSystem.csproj", "{EDE4CA88-546F-4115-9F2D-A47B2B9CCE4D}"
EndProject
Project("{2150E333-8FDC-42A3-9474-1A3956D46DE8}") = "chapter12", "chapter12", "{86C7DA04-4C84-4EC8-8A7B-60FA4A6C161C}"
EndProject
Project("{2150E333-8FDC-42A3-9474-1A3956D46DE8}") = "演習問題", "演習問題", "{6C2A2BBC-548D-4BC6-95C8-E7ADF22AD5E4}"
EndProject
Project("{FAE04EC0-301F-11D3-BF4B-00C04F79EFBC}") = "Section01", "chapter12\Section01\Section01.csproj", "{98FBE123-FB58-444C-95D6-77D216ED33B0}"
EndProject
Project("{FAE04EC0-301F-11D3-BF4B-00C04F79EFBC}") = "Exercize01", "chapter12\演習問題\Exercize01\Exercize01.csproj", "{B46F9C19-0C86-4797-B380-6F0A5EA8B050}"
EndProject
Project("{FAE04EC0-301F-11D3-BF4B-00C04F79EFBC}") = "Exercise02", "chapter12\演習問題\Exercise02\Exercise02.csproj", "{F01C3B69-9D05-4BEF-26EB-57BAD926097B}"
EndProject
Project("{FAE04EC0-301F-11D3-BF4B-00C04F79EFBC}") = "Exercise03", "chapter12\演習問題\Exercise03\Exercise03.csproj", "{414DFFD5-4A0F-DD91-933A-D9585859A325}"
EndProject
Project("{FAE04EC0-301F-11D3-BF4B-00C04F79EFBC}") = "StopWatch", "FormApps\StopWatch\StopWatch.csproj", "{60468389-5C2E-4B7F-A69F-DAB7034FA8B1}"
EndProject
Project("{FAE04EC0-301F-11D3-BF4B-00C04F79EFBC}") = "UnitConverter", "FormApps\UnitConverter\UnitConverter.csproj", "{8773D2DB-6581-47A5-B3E1-ED149DFEB745}"
EndProject
Project("{FAE04EC0-301F-11D3-BF4B-00C04F79EFBC}") = "RssReader", "FormApps\RssReader\RssReader\RssReader.csproj", "{81161CDC-D7A2-56B0-8824-AB83E673798D}"
EndProject
Project("{2150E333-8FDC-42A3-9474-1A3956D46DE8}") = "chapter11", "chapter11", "{7D231B1A-4AFE-40E0-A925-6A33B6961E85}"
EndProject
Project("{2150E333-8FDC-42A3-9474-1A3956D46DE8}") = "演習問題", "演習問題", "{D2E59889-A584-4022-A89E-748402CD48AE}"
EndProject
Project("{FAE04EC0-301F-11D3-BF4B-00C04F79EFBC}") = "Section02", "chapter11\Chapter11\Section02\Section02.csproj", "{13358BA5-0438-3E4C-F588-0ADCD370DE2D}"
EndProject
Project("{FAE04EC0-301F-11D3-BF4B-00C04F79EFBC}") = "Section03", "chapter11\Chapter11\Section03\Section03.csproj", "{7156B9E6-14C9-29D4-72FE-E1EF73C7F6A5}"
EndProject
Project("{FAE04EC0-301F-11D3-BF4B-00C04F79EFBC}") = "Exercise01", "chapter11\Chapter11\演習問題\Exercise01\Exercise01.csproj", "{5E4DE445-A0F2-D6ED-D38C-56DBD678B2E6}"
EndProject
Project("{FAE04EC0-301F-11D3-BF4B-00C04F79EFBC}") = "Exercise02", "chapter11\Chapter11\演習問題\Exercise02\Exercise02.csproj", "{7BB5F76B-4718-E395-342F-35DC778F96AE}"
EndProject
Project("{FAE04EC0-301F-11D3-BF4B-00C04F79EFBC}") = "Exercise03", "chapter11\Chapter11\演習問題\Exercise03\Exercise03.csproj", "{4118F304-887E-6590-EC87-4FFBE8127FFA}"
EndProject
Project("{FAE04EC0-301F-11D3-BF4B-00C04F79EFBC}") = "Section04", "chapter11\Section04\Section04.csproj", "{2548189C-8976-4E4E-89FD-848C104817E3}"
EndProject
Project("{FAE04EC0-301F-11D3-BF4B-00C04F79EFBC}") = "Exercize04", "chapter11\Chapter11\演習問題\Exercize04\Exercize04.csproj", "{A17DB6FE-E86D-4665-9815-2BA69AFD2377}"
EndProject
Project("{FAE04EC0-301F-11D3-BF4B-00C04F79EFBC}") = "Exercize05", "chapter11\Chapter11\演習問題\Exercize05\Exercize05.csproj", "{A3277701-7932-4B92-9B2E-5136897FE504}"
EndProject
Project("{2150E333-8FDC-42A3-9474-1A3956D46DE8}") = "WPF", "WPF", "{936777CB-65FD-4C09-B6CC-79A0B90779EC}"
EndProject
Project("{FAE04EC0-301F-11D3-BF4B-00C04F79EFBC}") = "SampleApplication", "WPF\SampleApplication\SampleApplication.csproj", "{B1664C9A-FDBE-4FB0-A362-A59E1EB5CFDD}"
EndProject
Project("{FAE04EC0-301F-11D3-BF4B-00C04F79EFBC}") = "SampleSlider", "WPF\SampleSlider\SampleSlider.csproj", "{A8C55E2E-1F89-43C2-8C1E-0B73BFD47822}"
EndProject
Project("{FAE04EC0-301F-11D3-BF4B-00C04F79EFBC}") = "ColorChecker", "WPF\ColorChecker\ColorChecker.csproj", "{B6BD3EA5-29E4-49DF-9C76-969D9D70144D}"
EndProject
Project("{FAE04EC0-301F-11D3-BF4B-00C04F79EFBC}") = "ConverterApp", "ConverterApp\ConverterApp.csproj", "{13EF6CCE-EC4B-454F-807A-A1F5FD6DA9A4}"
EndProject
Project("{FAE04EC0-301F-11D3-BF4B-00C04F79EFBC}") = "HelloWorld", "WPF\HelloWorld\HelloWorld.csproj", "{8FBDDD79-818E-6752-3B00-45F40DDA6723}"
EndProject
Project("{FAE04EC0-301F-11D3-BF4B-00C04F79EFBC}") = "PrismObservesSample", "WPF\PrismObservesSample\PrismObservesSample.csproj", "{6954E5F2-C535-4D87-80AB-F4138E7C147B}"
EndProject
Project("{FAE04EC0-301F-11D3-BF4B-00C04F79EFBC}") = "SampleUnitConverter", "WPF\SampleUnitConverter\SampleUnitConverter.csproj", "{A5A182B1-14E5-4A9E-B3D4-E83E63D5588F}"
EndProject
Project("{2150E333-8FDC-42A3-9474-1A3956D46DE8}") = "SQLite", "SQLite", "{D0805BC2-EBFC-4721-A98C-CE09F3081DD6}"
EndProject
Project("{FAE04EC0-301F-11D3-BF4B-00C04F79EFBC}") = "CustomerApp", "SQLite\SQLite\CustomerApp\CustomerApp.csproj", "{37B3D01D-C5AC-7D28-36E6-BFBFE80475B2}"
EndProject
Project("{FAE04EC0-301F-11D3-BF4B-00C04F79EFBC}") = "Sample", "SQLite\SQLite\Sample\Sample.csproj", "{A1A42CC9-4934-902E-3830-8D4A7288F4C6}"
EndProject
Project("{2150E333-8FDC-42A3-9474-1A3956D46DE8}") = "Chapter13", "Chapter13", "{DD1B8C15-BE20-4D16-823E-3F6B80FBB957}"
EndProject
Project("{FAE04EC0-301F-11D3-BF4B-00C04F79EFBC}") = "Section01", "Chapter13\Section01\Section01.csproj", "{1DA39CBA-1767-465B-BB71-95F1BF338939}"
EndProject
Project("{2150E333-8FDC-42A3-9474-1A3956D46DE8}") = "演習問題", "演習問題", "{588C77CC-2C0E-45F3-A50D-ADF283B67B40}"
EndProject
Project("{FAE04EC0-301F-11D3-BF4B-00C04F79EFBC}") = "Exercize01", "Chapter13\演習問題\Exercize01\Exercize01.csproj", "{1E706721-7CD3-4DA1-9B91-C8060414C33B}"
EndProject
Project("{2150E333-8FDC-42A3-9474-1A3956D46DE8}") = "Chapter14", "Chapter14", "{630C2B7A-96D3-4523-8802-92F23720455A}"
EndProject
Project("{FAE04EC0-301F-11D3-BF4B-00C04F79EFBC}") = "Section03", "Chapter14\Section03\Section03.csproj", "{4016ACD4-D8FD-4618-A58D-50B86CFD6212}"
EndProject
Project("{2150E333-8FDC-42A3-9474-1A3956D46DE8}") = "演習問題", "演習問題", "{F91A00E1-BB02-4ACA-8F3E-08D060F044E7}"
EndProject
Project("{FAE04EC0-301F-11D3-BF4B-00C04F79EFBC}") = "exercise01", "Chapter14\演習問題\exercise01\exercise01.csproj", "{FBC2E6A0-E6C7-424A-94E9-5FF39FB590D7}"
EndProject
Project("{FAE04EC0-301F-11D3-BF4B-00C04F79EFBC}") = "Section04", "Chapter14\演習問題\Section04\Section04.csproj", "{389D5B93-A333-4DD6-851B-8B53BF96D172}"
EndProject
Project("{2150E333-8FDC-42A3-9474-1A3956D46DE8}") = "chapter10", "chapter10", "{A70EC0C2-C8BE-4B0C-85ED-320B90378CEF}"
EndProject
Project("{FAE04EC0-301F-11D3-BF4B-00C04F79EFBC}") = "Exercize01", "chapter10\Exercize01\Exercize01.csproj", "{BA2D8939-079E-49A1-8AB3-2D8854F92EBC}"
EndProject
Project("{FAE04EC0-301F-11D3-BF4B-00C04F79EFBC}") = "Exercize02", "chapter10\Exercize02\Exercize02.csproj", "{7C148233-E05E-4202-9991-9B87788B6EFE}"
EndProject
Project("{FAE04EC0-301F-11D3-BF4B-00C04F79EFBC}") = "Exercize03", "chapter10\Exercize03\Exercize03.csproj", "{D7552993-F4E3-479E-9109-97922C4B2B50}"
EndProject
Project("{FAE04EC0-301F-11D3-BF4B-00C04F79EFBC}") = "Exercize04", "chapter10\Exercize04\Exercize04.csproj", "{EBFE82E9-6D2D-4FD3-A0BD-F2D11D9CEB4B}"
EndProject
Project("{FAE04EC0-301F-11D3-BF4B-00C04F79EFBC}") = "Exercize05", "chapter10\Exercize05\Exercize05.csproj", "{FC084381-8F9E-47F6-A712-3580C051D934}"
EndProject
Project("{2150E333-8FDC-42A3-9474-1A3956D46DE8}") = "chapter15", "chapter15", "{AB5A23CC-E28D-4619-A28F-5EC9897ED2BF}"
EndProject
Project("{FAE04EC0-301F-11D3-BF4B-00C04F79EFBC}") = "Section01", "Chapter15\Section01\Section01.csproj", "{46BDEFB6-4786-4A91-9F5C-8E71872CC2FF}"
EndProject
Project("{2150E333-8FDC-42A3-9474-1A3956D46DE8}") = "TemplateMethod", "TemplateMethod", "{23C95823-F484-4DCB-A944-4E9058FBAFD8}"
EndProject
Project("{FAE04EC0-301F-11D3-BF4B-00C04F79EFBC}") = "TextFileProcessor", "Chapter15\TemplateMethod\TextFileProcessor\TextFileProcessor.csproj", "{7747FF54-2A32-4A1A-A17A-DD4DD7B19FF7}"
EndProject
Project("{FAE04EC0-301F-11D3-BF4B-00C04F79EFBC}") = "LineCounter", "Chapter15\TemplateMethod\LineCounter\LineCounter.csproj", "{00A9EAE8-D623-4A34-8745-A7FE26168321}"
EndProject
Project("{2150E333-8FDC-42A3-9474-1A3956D46DE8}") = "Strategy", "Strategy", "{A472E3A1-6EB4-4B4E-801E-A887B71784A3}"
EndProject
Project("{FAE04EC0-301F-11D3-BF4B-00C04F79EFBC}") = "DistanceConverter", "Strategy\DistanceConverter\DistanceConverter.csproj", "{370FF5B9-06A8-4176-9594-341EEFA9FAAC}"
EndProject
Project("{FAE04EC0-301F-11D3-BF4B-00C04F79EFBC}") = "TextFileProcessorDI", "Chapter15\TemplateMethod\TextFileProcessorDI\TextFileProcessorDI.csproj", "{4D7AC07C-A01D-4F19-A900-F73C718C0EE7}"
EndProject
Project("{2150E333-8FDC-42A3-9474-1A3956D46DE8}") = "WebAPI", "WebAPI", "{63B4DCE4-7F93-4E72-8DD6-3694927041CF}"
EndProject
Project("{FAE04EC0-301F-11D3-BF4B-00C04F79EFBC}") = "WetherApp", "WebAPI\WetherApp\WetherApp.csproj", "{CCE0F3CA-B757-43AE-B07C-D36F358E6D82}"
EndProject
Project("{FAE04EC0-301F-11D3-BF4B-00C04F79EFBC}") = "TenkiApp", "WPF\TenkiApp\TenkiApp.csproj", "{22AAE5AD-E66F-4E51-9A09-FE26487B49E8}"
EndProject
Global
	GlobalSection(SolutionConfigurationPlatforms) = preSolution
		Debug|Any CPU = Debug|Any CPU
		Release|Any CPU = Release|Any CPU
	EndGlobalSection
	GlobalSection(ProjectConfigurationPlatforms) = postSolution
		{68D9A9DB-C288-484D-955A-209BF6FC5094}.Debug|Any CPU.ActiveCfg = Debug|Any CPU
		{68D9A9DB-C288-484D-955A-209BF6FC5094}.Debug|Any CPU.Build.0 = Debug|Any CPU
		{68D9A9DB-C288-484D-955A-209BF6FC5094}.Release|Any CPU.ActiveCfg = Release|Any CPU
		{68D9A9DB-C288-484D-955A-209BF6FC5094}.Release|Any CPU.Build.0 = Release|Any CPU
		{2E1EAB21-6AE4-4BF4-8F59-757360ADC4B0}.Debug|Any CPU.ActiveCfg = Debug|Any CPU
		{2E1EAB21-6AE4-4BF4-8F59-757360ADC4B0}.Debug|Any CPU.Build.0 = Debug|Any CPU
		{2E1EAB21-6AE4-4BF4-8F59-757360ADC4B0}.Release|Any CPU.ActiveCfg = Release|Any CPU
		{2E1EAB21-6AE4-4BF4-8F59-757360ADC4B0}.Release|Any CPU.Build.0 = Release|Any CPU
		{017CE9CA-1499-4041-B2D5-B32FD2661742}.Debug|Any CPU.ActiveCfg = Debug|Any CPU
		{017CE9CA-1499-4041-B2D5-B32FD2661742}.Debug|Any CPU.Build.0 = Debug|Any CPU
		{017CE9CA-1499-4041-B2D5-B32FD2661742}.Release|Any CPU.ActiveCfg = Release|Any CPU
		{017CE9CA-1499-4041-B2D5-B32FD2661742}.Release|Any CPU.Build.0 = Release|Any CPU
		{B153EF5D-061B-4BEA-B902-EC69D00870EE}.Debug|Any CPU.ActiveCfg = Debug|Any CPU
		{B153EF5D-061B-4BEA-B902-EC69D00870EE}.Debug|Any CPU.Build.0 = Debug|Any CPU
		{B153EF5D-061B-4BEA-B902-EC69D00870EE}.Release|Any CPU.ActiveCfg = Release|Any CPU
		{B153EF5D-061B-4BEA-B902-EC69D00870EE}.Release|Any CPU.Build.0 = Release|Any CPU
		{08DE0F35-F523-4EE0-9FA3-EDE6BEE382B9}.Debug|Any CPU.ActiveCfg = Debug|Any CPU
		{08DE0F35-F523-4EE0-9FA3-EDE6BEE382B9}.Debug|Any CPU.Build.0 = Debug|Any CPU
		{08DE0F35-F523-4EE0-9FA3-EDE6BEE382B9}.Release|Any CPU.ActiveCfg = Release|Any CPU
		{08DE0F35-F523-4EE0-9FA3-EDE6BEE382B9}.Release|Any CPU.Build.0 = Release|Any CPU
		{8D9554B5-DA48-4434-BE99-DABD4D39D611}.Debug|Any CPU.ActiveCfg = Debug|Any CPU
		{8D9554B5-DA48-4434-BE99-DABD4D39D611}.Debug|Any CPU.Build.0 = Debug|Any CPU
		{8D9554B5-DA48-4434-BE99-DABD4D39D611}.Release|Any CPU.ActiveCfg = Release|Any CPU
		{8D9554B5-DA48-4434-BE99-DABD4D39D611}.Release|Any CPU.Build.0 = Release|Any CPU
		{D1AE767F-EC61-4480-AA74-E1B78C3EC367}.Debug|Any CPU.ActiveCfg = Debug|Any CPU
		{D1AE767F-EC61-4480-AA74-E1B78C3EC367}.Debug|Any CPU.Build.0 = Debug|Any CPU
		{D1AE767F-EC61-4480-AA74-E1B78C3EC367}.Release|Any CPU.ActiveCfg = Release|Any CPU
		{D1AE767F-EC61-4480-AA74-E1B78C3EC367}.Release|Any CPU.Build.0 = Release|Any CPU
		{36E23F7B-60C0-40C2-8353-5EAA5C5E3E0E}.Debug|Any CPU.ActiveCfg = Debug|Any CPU
		{36E23F7B-60C0-40C2-8353-5EAA5C5E3E0E}.Debug|Any CPU.Build.0 = Debug|Any CPU
		{36E23F7B-60C0-40C2-8353-5EAA5C5E3E0E}.Release|Any CPU.ActiveCfg = Release|Any CPU
		{36E23F7B-60C0-40C2-8353-5EAA5C5E3E0E}.Release|Any CPU.Build.0 = Release|Any CPU
		{D00B9007-DDC0-4783-BE3B-B80A9946EC3A}.Debug|Any CPU.ActiveCfg = Debug|Any CPU
		{D00B9007-DDC0-4783-BE3B-B80A9946EC3A}.Debug|Any CPU.Build.0 = Debug|Any CPU
		{D00B9007-DDC0-4783-BE3B-B80A9946EC3A}.Release|Any CPU.ActiveCfg = Release|Any CPU
		{D00B9007-DDC0-4783-BE3B-B80A9946EC3A}.Release|Any CPU.Build.0 = Release|Any CPU
		{1314517A-679E-4A22-A536-D1E92B2B2E9C}.Debug|Any CPU.ActiveCfg = Debug|Any CPU
		{1314517A-679E-4A22-A536-D1E92B2B2E9C}.Debug|Any CPU.Build.0 = Debug|Any CPU
		{1314517A-679E-4A22-A536-D1E92B2B2E9C}.Release|Any CPU.ActiveCfg = Release|Any CPU
		{1314517A-679E-4A22-A536-D1E92B2B2E9C}.Release|Any CPU.Build.0 = Release|Any CPU
		{C78F9B7B-CC8D-4DA5-B745-A513C3610667}.Debug|Any CPU.ActiveCfg = Debug|Any CPU
		{C78F9B7B-CC8D-4DA5-B745-A513C3610667}.Debug|Any CPU.Build.0 = Debug|Any CPU
		{C78F9B7B-CC8D-4DA5-B745-A513C3610667}.Release|Any CPU.ActiveCfg = Release|Any CPU
		{C78F9B7B-CC8D-4DA5-B745-A513C3610667}.Release|Any CPU.Build.0 = Release|Any CPU
		{C1D63E63-E64B-FCB7-4276-5EBCB0FEC291}.Debug|Any CPU.ActiveCfg = Debug|Any CPU
		{C1D63E63-E64B-FCB7-4276-5EBCB0FEC291}.Debug|Any CPU.Build.0 = Debug|Any CPU
		{C1D63E63-E64B-FCB7-4276-5EBCB0FEC291}.Release|Any CPU.ActiveCfg = Release|Any CPU
		{C1D63E63-E64B-FCB7-4276-5EBCB0FEC291}.Release|Any CPU.Build.0 = Release|Any CPU
		{C1EB630E-2CE0-4253-8858-7BAEEADB9EB0}.Debug|Any CPU.ActiveCfg = Debug|Any CPU
		{C1EB630E-2CE0-4253-8858-7BAEEADB9EB0}.Debug|Any CPU.Build.0 = Debug|Any CPU
		{C1EB630E-2CE0-4253-8858-7BAEEADB9EB0}.Release|Any CPU.ActiveCfg = Release|Any CPU
		{C1EB630E-2CE0-4253-8858-7BAEEADB9EB0}.Release|Any CPU.Build.0 = Release|Any CPU
		{C5DED806-E91A-4366-BC3B-03BFC19179CE}.Debug|Any CPU.ActiveCfg = Debug|Any CPU
		{C5DED806-E91A-4366-BC3B-03BFC19179CE}.Debug|Any CPU.Build.0 = Debug|Any CPU
		{C5DED806-E91A-4366-BC3B-03BFC19179CE}.Release|Any CPU.ActiveCfg = Release|Any CPU
		{C5DED806-E91A-4366-BC3B-03BFC19179CE}.Release|Any CPU.Build.0 = Release|Any CPU
		{5F2171FA-B0E6-47FC-9DB0-78E2EE99743A}.Debug|Any CPU.ActiveCfg = Debug|Any CPU
		{5F2171FA-B0E6-47FC-9DB0-78E2EE99743A}.Debug|Any CPU.Build.0 = Debug|Any CPU
		{5F2171FA-B0E6-47FC-9DB0-78E2EE99743A}.Release|Any CPU.ActiveCfg = Release|Any CPU
		{5F2171FA-B0E6-47FC-9DB0-78E2EE99743A}.Release|Any CPU.Build.0 = Release|Any CPU
		{73226471-5F7E-4760-B2A3-7F2757C5144C}.Debug|Any CPU.ActiveCfg = Debug|Any CPU
		{73226471-5F7E-4760-B2A3-7F2757C5144C}.Debug|Any CPU.Build.0 = Debug|Any CPU
		{73226471-5F7E-4760-B2A3-7F2757C5144C}.Release|Any CPU.ActiveCfg = Release|Any CPU
		{73226471-5F7E-4760-B2A3-7F2757C5144C}.Release|Any CPU.Build.0 = Release|Any CPU
		{F7CB47B1-D7B3-42DB-9804-37CF076F1BAD}.Debug|Any CPU.ActiveCfg = Debug|Any CPU
		{F7CB47B1-D7B3-42DB-9804-37CF076F1BAD}.Debug|Any CPU.Build.0 = Debug|Any CPU
		{F7CB47B1-D7B3-42DB-9804-37CF076F1BAD}.Release|Any CPU.ActiveCfg = Release|Any CPU
		{F7CB47B1-D7B3-42DB-9804-37CF076F1BAD}.Release|Any CPU.Build.0 = Release|Any CPU
		{E10430E2-8DAA-4B01-BB3C-C4FA5688E4E3}.Debug|Any CPU.ActiveCfg = Debug|Any CPU
		{E10430E2-8DAA-4B01-BB3C-C4FA5688E4E3}.Debug|Any CPU.Build.0 = Debug|Any CPU
		{E10430E2-8DAA-4B01-BB3C-C4FA5688E4E3}.Release|Any CPU.ActiveCfg = Release|Any CPU
		{E10430E2-8DAA-4B01-BB3C-C4FA5688E4E3}.Release|Any CPU.Build.0 = Release|Any CPU
		{50A5C515-AEFD-44F8-9CD8-3054E3C6EF48}.Debug|Any CPU.ActiveCfg = Debug|Any CPU
		{50A5C515-AEFD-44F8-9CD8-3054E3C6EF48}.Debug|Any CPU.Build.0 = Debug|Any CPU
		{50A5C515-AEFD-44F8-9CD8-3054E3C6EF48}.Release|Any CPU.ActiveCfg = Release|Any CPU
		{50A5C515-AEFD-44F8-9CD8-3054E3C6EF48}.Release|Any CPU.Build.0 = Release|Any CPU
		{744D0B4B-2831-490A-B1CA-8CE647F3EEC6}.Debug|Any CPU.ActiveCfg = Debug|Any CPU
		{744D0B4B-2831-490A-B1CA-8CE647F3EEC6}.Debug|Any CPU.Build.0 = Debug|Any CPU
		{744D0B4B-2831-490A-B1CA-8CE647F3EEC6}.Release|Any CPU.ActiveCfg = Release|Any CPU
		{744D0B4B-2831-490A-B1CA-8CE647F3EEC6}.Release|Any CPU.Build.0 = Release|Any CPU
		{D6D867F6-649E-4E56-8A07-6E2F13769830}.Debug|Any CPU.ActiveCfg = Debug|Any CPU
		{D6D867F6-649E-4E56-8A07-6E2F13769830}.Debug|Any CPU.Build.0 = Debug|Any CPU
		{D6D867F6-649E-4E56-8A07-6E2F13769830}.Release|Any CPU.ActiveCfg = Release|Any CPU
		{D6D867F6-649E-4E56-8A07-6E2F13769830}.Release|Any CPU.Build.0 = Release|Any CPU
		{E7FF8864-E6A4-4C48-AD51-F1BB7F1FD590}.Debug|Any CPU.ActiveCfg = Debug|Any CPU
		{E7FF8864-E6A4-4C48-AD51-F1BB7F1FD590}.Debug|Any CPU.Build.0 = Debug|Any CPU
		{E7FF8864-E6A4-4C48-AD51-F1BB7F1FD590}.Release|Any CPU.ActiveCfg = Release|Any CPU
		{E7FF8864-E6A4-4C48-AD51-F1BB7F1FD590}.Release|Any CPU.Build.0 = Release|Any CPU
		{F2676DBD-772D-491E-AA82-8F721D5C9A1B}.Debug|Any CPU.ActiveCfg = Debug|Any CPU
		{F2676DBD-772D-491E-AA82-8F721D5C9A1B}.Debug|Any CPU.Build.0 = Debug|Any CPU
		{F2676DBD-772D-491E-AA82-8F721D5C9A1B}.Release|Any CPU.ActiveCfg = Release|Any CPU
		{F2676DBD-772D-491E-AA82-8F721D5C9A1B}.Release|Any CPU.Build.0 = Release|Any CPU
		{9B7109BC-3AF0-4C49-8076-99DFBFFF0742}.Debug|Any CPU.ActiveCfg = Debug|Any CPU
		{9B7109BC-3AF0-4C49-8076-99DFBFFF0742}.Debug|Any CPU.Build.0 = Debug|Any CPU
		{9B7109BC-3AF0-4C49-8076-99DFBFFF0742}.Release|Any CPU.ActiveCfg = Release|Any CPU
		{9B7109BC-3AF0-4C49-8076-99DFBFFF0742}.Release|Any CPU.Build.0 = Release|Any CPU
		{00829948-CC5B-4758-9F20-C4CF42A02268}.Debug|Any CPU.ActiveCfg = Debug|Any CPU
		{00829948-CC5B-4758-9F20-C4CF42A02268}.Debug|Any CPU.Build.0 = Debug|Any CPU
		{00829948-CC5B-4758-9F20-C4CF42A02268}.Release|Any CPU.ActiveCfg = Release|Any CPU
		{00829948-CC5B-4758-9F20-C4CF42A02268}.Release|Any CPU.Build.0 = Release|Any CPU
		{2213E7B9-F94A-457D-99CD-2DC75A0D9659}.Debug|Any CPU.ActiveCfg = Debug|Any CPU
		{2213E7B9-F94A-457D-99CD-2DC75A0D9659}.Debug|Any CPU.Build.0 = Debug|Any CPU
		{2213E7B9-F94A-457D-99CD-2DC75A0D9659}.Release|Any CPU.ActiveCfg = Release|Any CPU
		{2213E7B9-F94A-457D-99CD-2DC75A0D9659}.Release|Any CPU.Build.0 = Release|Any CPU
		{99765113-4C4E-4265-85F1-C63BF12C651C}.Debug|Any CPU.ActiveCfg = Debug|Any CPU
		{99765113-4C4E-4265-85F1-C63BF12C651C}.Debug|Any CPU.Build.0 = Debug|Any CPU
		{99765113-4C4E-4265-85F1-C63BF12C651C}.Release|Any CPU.ActiveCfg = Release|Any CPU
		{99765113-4C4E-4265-85F1-C63BF12C651C}.Release|Any CPU.Build.0 = Release|Any CPU
		{BA3B5C5E-D6A4-39ED-6760-036CDB62E249}.Debug|Any CPU.ActiveCfg = Debug|Any CPU
		{BA3B5C5E-D6A4-39ED-6760-036CDB62E249}.Debug|Any CPU.Build.0 = Debug|Any CPU
		{BA3B5C5E-D6A4-39ED-6760-036CDB62E249}.Release|Any CPU.ActiveCfg = Release|Any CPU
		{BA3B5C5E-D6A4-39ED-6760-036CDB62E249}.Release|Any CPU.Build.0 = Release|Any CPU
		{1327F99B-2120-4C7D-9A71-993CFB4277E0}.Debug|Any CPU.ActiveCfg = Debug|Any CPU
		{1327F99B-2120-4C7D-9A71-993CFB4277E0}.Debug|Any CPU.Build.0 = Debug|Any CPU
		{1327F99B-2120-4C7D-9A71-993CFB4277E0}.Release|Any CPU.ActiveCfg = Release|Any CPU
		{1327F99B-2120-4C7D-9A71-993CFB4277E0}.Release|Any CPU.Build.0 = Release|Any CPU
		{E158184A-AE60-42C8-9134-D5C0A63E4100}.Debug|Any CPU.ActiveCfg = Debug|Any CPU
		{E158184A-AE60-42C8-9134-D5C0A63E4100}.Debug|Any CPU.Build.0 = Debug|Any CPU
		{E158184A-AE60-42C8-9134-D5C0A63E4100}.Release|Any CPU.ActiveCfg = Release|Any CPU
		{E158184A-AE60-42C8-9134-D5C0A63E4100}.Release|Any CPU.Build.0 = Release|Any CPU
		{6EF7678A-A725-F430-3097-30F090C0100A}.Debug|Any CPU.ActiveCfg = Debug|Any CPU
		{6EF7678A-A725-F430-3097-30F090C0100A}.Debug|Any CPU.Build.0 = Debug|Any CPU
		{6EF7678A-A725-F430-3097-30F090C0100A}.Release|Any CPU.ActiveCfg = Release|Any CPU
		{6EF7678A-A725-F430-3097-30F090C0100A}.Release|Any CPU.Build.0 = Release|Any CPU
		{010D0C11-D6A2-3CA6-3281-4E0FD547EC2D}.Debug|Any CPU.ActiveCfg = Debug|Any CPU
		{010D0C11-D6A2-3CA6-3281-4E0FD547EC2D}.Debug|Any CPU.Build.0 = Debug|Any CPU
		{010D0C11-D6A2-3CA6-3281-4E0FD547EC2D}.Release|Any CPU.ActiveCfg = Release|Any CPU
		{010D0C11-D6A2-3CA6-3281-4E0FD547EC2D}.Release|Any CPU.Build.0 = Release|Any CPU
		{E1B8B3C1-88BA-4963-BA19-4DCA74ADC9B1}.Debug|Any CPU.ActiveCfg = Debug|Any CPU
		{E1B8B3C1-88BA-4963-BA19-4DCA74ADC9B1}.Debug|Any CPU.Build.0 = Debug|Any CPU
		{E1B8B3C1-88BA-4963-BA19-4DCA74ADC9B1}.Release|Any CPU.ActiveCfg = Release|Any CPU
		{E1B8B3C1-88BA-4963-BA19-4DCA74ADC9B1}.Release|Any CPU.Build.0 = Release|Any CPU
		{493A05FE-6114-496D-9B32-2520CC08E17B}.Debug|Any CPU.ActiveCfg = Debug|Any CPU
		{493A05FE-6114-496D-9B32-2520CC08E17B}.Debug|Any CPU.Build.0 = Debug|Any CPU
		{493A05FE-6114-496D-9B32-2520CC08E17B}.Release|Any CPU.ActiveCfg = Release|Any CPU
		{493A05FE-6114-496D-9B32-2520CC08E17B}.Release|Any CPU.Build.0 = Release|Any CPU
		{52442FBF-AB1E-12BC-8344-0695887AC3CB}.Debug|Any CPU.ActiveCfg = Debug|Any CPU
		{52442FBF-AB1E-12BC-8344-0695887AC3CB}.Debug|Any CPU.Build.0 = Debug|Any CPU
		{52442FBF-AB1E-12BC-8344-0695887AC3CB}.Release|Any CPU.ActiveCfg = Release|Any CPU
		{52442FBF-AB1E-12BC-8344-0695887AC3CB}.Release|Any CPU.Build.0 = Release|Any CPU
		{13EA441B-E72F-5CA2-D5D4-B3F52139D7CF}.Debug|Any CPU.ActiveCfg = Debug|Any CPU
		{13EA441B-E72F-5CA2-D5D4-B3F52139D7CF}.Debug|Any CPU.Build.0 = Debug|Any CPU
		{13EA441B-E72F-5CA2-D5D4-B3F52139D7CF}.Release|Any CPU.ActiveCfg = Release|Any CPU
		{13EA441B-E72F-5CA2-D5D4-B3F52139D7CF}.Release|Any CPU.Build.0 = Release|Any CPU
		{EDE4CA88-546F-4115-9F2D-A47B2B9CCE4D}.Debug|Any CPU.ActiveCfg = Debug|Any CPU
		{EDE4CA88-546F-4115-9F2D-A47B2B9CCE4D}.Debug|Any CPU.Build.0 = Debug|Any CPU
		{EDE4CA88-546F-4115-9F2D-A47B2B9CCE4D}.Release|Any CPU.ActiveCfg = Release|Any CPU
		{EDE4CA88-546F-4115-9F2D-A47B2B9CCE4D}.Release|Any CPU.Build.0 = Release|Any CPU
		{98FBE123-FB58-444C-95D6-77D216ED33B0}.Debug|Any CPU.ActiveCfg = Debug|Any CPU
		{98FBE123-FB58-444C-95D6-77D216ED33B0}.Debug|Any CPU.Build.0 = Debug|Any CPU
		{98FBE123-FB58-444C-95D6-77D216ED33B0}.Release|Any CPU.ActiveCfg = Release|Any CPU
		{98FBE123-FB58-444C-95D6-77D216ED33B0}.Release|Any CPU.Build.0 = Release|Any CPU
		{B46F9C19-0C86-4797-B380-6F0A5EA8B050}.Debug|Any CPU.ActiveCfg = Debug|Any CPU
		{B46F9C19-0C86-4797-B380-6F0A5EA8B050}.Debug|Any CPU.Build.0 = Debug|Any CPU
		{B46F9C19-0C86-4797-B380-6F0A5EA8B050}.Release|Any CPU.ActiveCfg = Release|Any CPU
		{B46F9C19-0C86-4797-B380-6F0A5EA8B050}.Release|Any CPU.Build.0 = Release|Any CPU
		{F01C3B69-9D05-4BEF-26EB-57BAD926097B}.Debug|Any CPU.ActiveCfg = Debug|Any CPU
		{F01C3B69-9D05-4BEF-26EB-57BAD926097B}.Debug|Any CPU.Build.0 = Debug|Any CPU
		{F01C3B69-9D05-4BEF-26EB-57BAD926097B}.Release|Any CPU.ActiveCfg = Release|Any CPU
		{F01C3B69-9D05-4BEF-26EB-57BAD926097B}.Release|Any CPU.Build.0 = Release|Any CPU
		{414DFFD5-4A0F-DD91-933A-D9585859A325}.Debug|Any CPU.ActiveCfg = Debug|Any CPU
		{414DFFD5-4A0F-DD91-933A-D9585859A325}.Debug|Any CPU.Build.0 = Debug|Any CPU
		{414DFFD5-4A0F-DD91-933A-D9585859A325}.Release|Any CPU.ActiveCfg = Release|Any CPU
		{414DFFD5-4A0F-DD91-933A-D9585859A325}.Release|Any CPU.Build.0 = Release|Any CPU
		{60468389-5C2E-4B7F-A69F-DAB7034FA8B1}.Debug|Any CPU.ActiveCfg = Debug|Any CPU
		{60468389-5C2E-4B7F-A69F-DAB7034FA8B1}.Debug|Any CPU.Build.0 = Debug|Any CPU
		{60468389-5C2E-4B7F-A69F-DAB7034FA8B1}.Release|Any CPU.ActiveCfg = Release|Any CPU
		{60468389-5C2E-4B7F-A69F-DAB7034FA8B1}.Release|Any CPU.Build.0 = Release|Any CPU
		{8773D2DB-6581-47A5-B3E1-ED149DFEB745}.Debug|Any CPU.ActiveCfg = Debug|Any CPU
		{8773D2DB-6581-47A5-B3E1-ED149DFEB745}.Debug|Any CPU.Build.0 = Debug|Any CPU
		{8773D2DB-6581-47A5-B3E1-ED149DFEB745}.Release|Any CPU.ActiveCfg = Release|Any CPU
		{8773D2DB-6581-47A5-B3E1-ED149DFEB745}.Release|Any CPU.Build.0 = Release|Any CPU
		{81161CDC-D7A2-56B0-8824-AB83E673798D}.Debug|Any CPU.ActiveCfg = Debug|Any CPU
		{81161CDC-D7A2-56B0-8824-AB83E673798D}.Debug|Any CPU.Build.0 = Debug|Any CPU
		{81161CDC-D7A2-56B0-8824-AB83E673798D}.Release|Any CPU.ActiveCfg = Release|Any CPU
		{81161CDC-D7A2-56B0-8824-AB83E673798D}.Release|Any CPU.Build.0 = Release|Any CPU
		{13358BA5-0438-3E4C-F588-0ADCD370DE2D}.Debug|Any CPU.ActiveCfg = Debug|Any CPU
		{13358BA5-0438-3E4C-F588-0ADCD370DE2D}.Debug|Any CPU.Build.0 = Debug|Any CPU
		{13358BA5-0438-3E4C-F588-0ADCD370DE2D}.Release|Any CPU.ActiveCfg = Release|Any CPU
		{13358BA5-0438-3E4C-F588-0ADCD370DE2D}.Release|Any CPU.Build.0 = Release|Any CPU
		{7156B9E6-14C9-29D4-72FE-E1EF73C7F6A5}.Debug|Any CPU.ActiveCfg = Debug|Any CPU
		{7156B9E6-14C9-29D4-72FE-E1EF73C7F6A5}.Debug|Any CPU.Build.0 = Debug|Any CPU
		{7156B9E6-14C9-29D4-72FE-E1EF73C7F6A5}.Release|Any CPU.ActiveCfg = Release|Any CPU
		{7156B9E6-14C9-29D4-72FE-E1EF73C7F6A5}.Release|Any CPU.Build.0 = Release|Any CPU
		{5E4DE445-A0F2-D6ED-D38C-56DBD678B2E6}.Debug|Any CPU.ActiveCfg = Debug|Any CPU
		{5E4DE445-A0F2-D6ED-D38C-56DBD678B2E6}.Debug|Any CPU.Build.0 = Debug|Any CPU
		{5E4DE445-A0F2-D6ED-D38C-56DBD678B2E6}.Release|Any CPU.ActiveCfg = Release|Any CPU
		{5E4DE445-A0F2-D6ED-D38C-56DBD678B2E6}.Release|Any CPU.Build.0 = Release|Any CPU
		{7BB5F76B-4718-E395-342F-35DC778F96AE}.Debug|Any CPU.ActiveCfg = Debug|Any CPU
		{7BB5F76B-4718-E395-342F-35DC778F96AE}.Debug|Any CPU.Build.0 = Debug|Any CPU
		{7BB5F76B-4718-E395-342F-35DC778F96AE}.Release|Any CPU.ActiveCfg = Release|Any CPU
		{7BB5F76B-4718-E395-342F-35DC778F96AE}.Release|Any CPU.Build.0 = Release|Any CPU
		{4118F304-887E-6590-EC87-4FFBE8127FFA}.Debug|Any CPU.ActiveCfg = Debug|Any CPU
		{4118F304-887E-6590-EC87-4FFBE8127FFA}.Debug|Any CPU.Build.0 = Debug|Any CPU
		{4118F304-887E-6590-EC87-4FFBE8127FFA}.Release|Any CPU.ActiveCfg = Release|Any CPU
		{4118F304-887E-6590-EC87-4FFBE8127FFA}.Release|Any CPU.Build.0 = Release|Any CPU
		{2548189C-8976-4E4E-89FD-848C104817E3}.Debug|Any CPU.ActiveCfg = Debug|Any CPU
		{2548189C-8976-4E4E-89FD-848C104817E3}.Debug|Any CPU.Build.0 = Debug|Any CPU
		{2548189C-8976-4E4E-89FD-848C104817E3}.Release|Any CPU.ActiveCfg = Release|Any CPU
		{2548189C-8976-4E4E-89FD-848C104817E3}.Release|Any CPU.Build.0 = Release|Any CPU
		{A17DB6FE-E86D-4665-9815-2BA69AFD2377}.Debug|Any CPU.ActiveCfg = Debug|Any CPU
		{A17DB6FE-E86D-4665-9815-2BA69AFD2377}.Debug|Any CPU.Build.0 = Debug|Any CPU
		{A17DB6FE-E86D-4665-9815-2BA69AFD2377}.Release|Any CPU.ActiveCfg = Release|Any CPU
		{A17DB6FE-E86D-4665-9815-2BA69AFD2377}.Release|Any CPU.Build.0 = Release|Any CPU
		{A3277701-7932-4B92-9B2E-5136897FE504}.Debug|Any CPU.ActiveCfg = Debug|Any CPU
		{A3277701-7932-4B92-9B2E-5136897FE504}.Debug|Any CPU.Build.0 = Debug|Any CPU
		{A3277701-7932-4B92-9B2E-5136897FE504}.Release|Any CPU.ActiveCfg = Release|Any CPU
		{A3277701-7932-4B92-9B2E-5136897FE504}.Release|Any CPU.Build.0 = Release|Any CPU
		{B1664C9A-FDBE-4FB0-A362-A59E1EB5CFDD}.Debug|Any CPU.ActiveCfg = Debug|Any CPU
		{B1664C9A-FDBE-4FB0-A362-A59E1EB5CFDD}.Debug|Any CPU.Build.0 = Debug|Any CPU
		{B1664C9A-FDBE-4FB0-A362-A59E1EB5CFDD}.Release|Any CPU.ActiveCfg = Release|Any CPU
		{B1664C9A-FDBE-4FB0-A362-A59E1EB5CFDD}.Release|Any CPU.Build.0 = Release|Any CPU
		{A8C55E2E-1F89-43C2-8C1E-0B73BFD47822}.Debug|Any CPU.ActiveCfg = Debug|Any CPU
		{A8C55E2E-1F89-43C2-8C1E-0B73BFD47822}.Debug|Any CPU.Build.0 = Debug|Any CPU
		{A8C55E2E-1F89-43C2-8C1E-0B73BFD47822}.Release|Any CPU.ActiveCfg = Release|Any CPU
		{A8C55E2E-1F89-43C2-8C1E-0B73BFD47822}.Release|Any CPU.Build.0 = Release|Any CPU
		{B6BD3EA5-29E4-49DF-9C76-969D9D70144D}.Debug|Any CPU.ActiveCfg = Debug|Any CPU
		{B6BD3EA5-29E4-49DF-9C76-969D9D70144D}.Debug|Any CPU.Build.0 = Debug|Any CPU
		{B6BD3EA5-29E4-49DF-9C76-969D9D70144D}.Release|Any CPU.ActiveCfg = Release|Any CPU
		{B6BD3EA5-29E4-49DF-9C76-969D9D70144D}.Release|Any CPU.Build.0 = Release|Any CPU
		{13EF6CCE-EC4B-454F-807A-A1F5FD6DA9A4}.Debug|Any CPU.ActiveCfg = Debug|Any CPU
		{13EF6CCE-EC4B-454F-807A-A1F5FD6DA9A4}.Debug|Any CPU.Build.0 = Debug|Any CPU
		{13EF6CCE-EC4B-454F-807A-A1F5FD6DA9A4}.Release|Any CPU.ActiveCfg = Release|Any CPU
		{13EF6CCE-EC4B-454F-807A-A1F5FD6DA9A4}.Release|Any CPU.Build.0 = Release|Any CPU
		{8FBDDD79-818E-6752-3B00-45F40DDA6723}.Debug|Any CPU.ActiveCfg = Debug|Any CPU
		{8FBDDD79-818E-6752-3B00-45F40DDA6723}.Debug|Any CPU.Build.0 = Debug|Any CPU
		{8FBDDD79-818E-6752-3B00-45F40DDA6723}.Release|Any CPU.ActiveCfg = Release|Any CPU
		{8FBDDD79-818E-6752-3B00-45F40DDA6723}.Release|Any CPU.Build.0 = Release|Any CPU
		{6954E5F2-C535-4D87-80AB-F4138E7C147B}.Debug|Any CPU.ActiveCfg = Debug|Any CPU
		{6954E5F2-C535-4D87-80AB-F4138E7C147B}.Debug|Any CPU.Build.0 = Debug|Any CPU
		{6954E5F2-C535-4D87-80AB-F4138E7C147B}.Release|Any CPU.ActiveCfg = Release|Any CPU
		{6954E5F2-C535-4D87-80AB-F4138E7C147B}.Release|Any CPU.Build.0 = Release|Any CPU
		{A5A182B1-14E5-4A9E-B3D4-E83E63D5588F}.Debug|Any CPU.ActiveCfg = Debug|Any CPU
		{A5A182B1-14E5-4A9E-B3D4-E83E63D5588F}.Debug|Any CPU.Build.0 = Debug|Any CPU
		{A5A182B1-14E5-4A9E-B3D4-E83E63D5588F}.Release|Any CPU.ActiveCfg = Release|Any CPU
		{A5A182B1-14E5-4A9E-B3D4-E83E63D5588F}.Release|Any CPU.Build.0 = Release|Any CPU
		{37B3D01D-C5AC-7D28-36E6-BFBFE80475B2}.Debug|Any CPU.ActiveCfg = Debug|Any CPU
		{37B3D01D-C5AC-7D28-36E6-BFBFE80475B2}.Debug|Any CPU.Build.0 = Debug|Any CPU
		{37B3D01D-C5AC-7D28-36E6-BFBFE80475B2}.Release|Any CPU.ActiveCfg = Release|Any CPU
		{37B3D01D-C5AC-7D28-36E6-BFBFE80475B2}.Release|Any CPU.Build.0 = Release|Any CPU
		{A1A42CC9-4934-902E-3830-8D4A7288F4C6}.Debug|Any CPU.ActiveCfg = Debug|Any CPU
		{A1A42CC9-4934-902E-3830-8D4A7288F4C6}.Debug|Any CPU.Build.0 = Debug|Any CPU
		{A1A42CC9-4934-902E-3830-8D4A7288F4C6}.Release|Any CPU.ActiveCfg = Release|Any CPU
		{A1A42CC9-4934-902E-3830-8D4A7288F4C6}.Release|Any CPU.Build.0 = Release|Any CPU
		{1DA39CBA-1767-465B-BB71-95F1BF338939}.Debug|Any CPU.ActiveCfg = Debug|Any CPU
		{1DA39CBA-1767-465B-BB71-95F1BF338939}.Debug|Any CPU.Build.0 = Debug|Any CPU
		{1DA39CBA-1767-465B-BB71-95F1BF338939}.Release|Any CPU.ActiveCfg = Release|Any CPU
		{1DA39CBA-1767-465B-BB71-95F1BF338939}.Release|Any CPU.Build.0 = Release|Any CPU
		{1E706721-7CD3-4DA1-9B91-C8060414C33B}.Debug|Any CPU.ActiveCfg = Debug|Any CPU
		{1E706721-7CD3-4DA1-9B91-C8060414C33B}.Debug|Any CPU.Build.0 = Debug|Any CPU
		{1E706721-7CD3-4DA1-9B91-C8060414C33B}.Release|Any CPU.ActiveCfg = Release|Any CPU
		{1E706721-7CD3-4DA1-9B91-C8060414C33B}.Release|Any CPU.Build.0 = Release|Any CPU
		{4016ACD4-D8FD-4618-A58D-50B86CFD6212}.Debug|Any CPU.ActiveCfg = Debug|Any CPU
		{4016ACD4-D8FD-4618-A58D-50B86CFD6212}.Debug|Any CPU.Build.0 = Debug|Any CPU
		{4016ACD4-D8FD-4618-A58D-50B86CFD6212}.Release|Any CPU.ActiveCfg = Release|Any CPU
		{4016ACD4-D8FD-4618-A58D-50B86CFD6212}.Release|Any CPU.Build.0 = Release|Any CPU
		{FBC2E6A0-E6C7-424A-94E9-5FF39FB590D7}.Debug|Any CPU.ActiveCfg = Debug|Any CPU
		{FBC2E6A0-E6C7-424A-94E9-5FF39FB590D7}.Debug|Any CPU.Build.0 = Debug|Any CPU
		{FBC2E6A0-E6C7-424A-94E9-5FF39FB590D7}.Release|Any CPU.ActiveCfg = Release|Any CPU
		{FBC2E6A0-E6C7-424A-94E9-5FF39FB590D7}.Release|Any CPU.Build.0 = Release|Any CPU
		{389D5B93-A333-4DD6-851B-8B53BF96D172}.Debug|Any CPU.ActiveCfg = Debug|Any CPU
		{389D5B93-A333-4DD6-851B-8B53BF96D172}.Debug|Any CPU.Build.0 = Debug|Any CPU
		{389D5B93-A333-4DD6-851B-8B53BF96D172}.Release|Any CPU.ActiveCfg = Release|Any CPU
		{389D5B93-A333-4DD6-851B-8B53BF96D172}.Release|Any CPU.Build.0 = Release|Any CPU
		{BA2D8939-079E-49A1-8AB3-2D8854F92EBC}.Debug|Any CPU.ActiveCfg = Debug|Any CPU
		{BA2D8939-079E-49A1-8AB3-2D8854F92EBC}.Debug|Any CPU.Build.0 = Debug|Any CPU
		{BA2D8939-079E-49A1-8AB3-2D8854F92EBC}.Release|Any CPU.ActiveCfg = Release|Any CPU
		{BA2D8939-079E-49A1-8AB3-2D8854F92EBC}.Release|Any CPU.Build.0 = Release|Any CPU
		{7C148233-E05E-4202-9991-9B87788B6EFE}.Debug|Any CPU.ActiveCfg = Debug|Any CPU
		{7C148233-E05E-4202-9991-9B87788B6EFE}.Debug|Any CPU.Build.0 = Debug|Any CPU
		{7C148233-E05E-4202-9991-9B87788B6EFE}.Release|Any CPU.ActiveCfg = Release|Any CPU
		{7C148233-E05E-4202-9991-9B87788B6EFE}.Release|Any CPU.Build.0 = Release|Any CPU
		{D7552993-F4E3-479E-9109-97922C4B2B50}.Debug|Any CPU.ActiveCfg = Debug|Any CPU
		{D7552993-F4E3-479E-9109-97922C4B2B50}.Debug|Any CPU.Build.0 = Debug|Any CPU
		{D7552993-F4E3-479E-9109-97922C4B2B50}.Release|Any CPU.ActiveCfg = Release|Any CPU
		{D7552993-F4E3-479E-9109-97922C4B2B50}.Release|Any CPU.Build.0 = Release|Any CPU
		{EBFE82E9-6D2D-4FD3-A0BD-F2D11D9CEB4B}.Debug|Any CPU.ActiveCfg = Debug|Any CPU
		{EBFE82E9-6D2D-4FD3-A0BD-F2D11D9CEB4B}.Debug|Any CPU.Build.0 = Debug|Any CPU
		{EBFE82E9-6D2D-4FD3-A0BD-F2D11D9CEB4B}.Release|Any CPU.ActiveCfg = Release|Any CPU
		{EBFE82E9-6D2D-4FD3-A0BD-F2D11D9CEB4B}.Release|Any CPU.Build.0 = Release|Any CPU
		{FC084381-8F9E-47F6-A712-3580C051D934}.Debug|Any CPU.ActiveCfg = Debug|Any CPU
		{FC084381-8F9E-47F6-A712-3580C051D934}.Debug|Any CPU.Build.0 = Debug|Any CPU
		{FC084381-8F9E-47F6-A712-3580C051D934}.Release|Any CPU.ActiveCfg = Release|Any CPU
		{FC084381-8F9E-47F6-A712-3580C051D934}.Release|Any CPU.Build.0 = Release|Any CPU
		{46BDEFB6-4786-4A91-9F5C-8E71872CC2FF}.Debug|Any CPU.ActiveCfg = Debug|Any CPU
		{46BDEFB6-4786-4A91-9F5C-8E71872CC2FF}.Debug|Any CPU.Build.0 = Debug|Any CPU
		{46BDEFB6-4786-4A91-9F5C-8E71872CC2FF}.Release|Any CPU.ActiveCfg = Release|Any CPU
		{46BDEFB6-4786-4A91-9F5C-8E71872CC2FF}.Release|Any CPU.Build.0 = Release|Any CPU
		{7747FF54-2A32-4A1A-A17A-DD4DD7B19FF7}.Debug|Any CPU.ActiveCfg = Debug|Any CPU
		{7747FF54-2A32-4A1A-A17A-DD4DD7B19FF7}.Debug|Any CPU.Build.0 = Debug|Any CPU
		{7747FF54-2A32-4A1A-A17A-DD4DD7B19FF7}.Release|Any CPU.ActiveCfg = Release|Any CPU
		{7747FF54-2A32-4A1A-A17A-DD4DD7B19FF7}.Release|Any CPU.Build.0 = Release|Any CPU
		{00A9EAE8-D623-4A34-8745-A7FE26168321}.Debug|Any CPU.ActiveCfg = Debug|Any CPU
		{00A9EAE8-D623-4A34-8745-A7FE26168321}.Debug|Any CPU.Build.0 = Debug|Any CPU
		{00A9EAE8-D623-4A34-8745-A7FE26168321}.Release|Any CPU.ActiveCfg = Release|Any CPU
		{00A9EAE8-D623-4A34-8745-A7FE26168321}.Release|Any CPU.Build.0 = Release|Any CPU
		{370FF5B9-06A8-4176-9594-341EEFA9FAAC}.Debug|Any CPU.ActiveCfg = Debug|Any CPU
		{370FF5B9-06A8-4176-9594-341EEFA9FAAC}.Debug|Any CPU.Build.0 = Debug|Any CPU
		{370FF5B9-06A8-4176-9594-341EEFA9FAAC}.Release|Any CPU.ActiveCfg = Release|Any CPU
		{370FF5B9-06A8-4176-9594-341EEFA9FAAC}.Release|Any CPU.Build.0 = Release|Any CPU
		{4D7AC07C-A01D-4F19-A900-F73C718C0EE7}.Debug|Any CPU.ActiveCfg = Debug|Any CPU
		{4D7AC07C-A01D-4F19-A900-F73C718C0EE7}.Debug|Any CPU.Build.0 = Debug|Any CPU
		{4D7AC07C-A01D-4F19-A900-F73C718C0EE7}.Release|Any CPU.ActiveCfg = Release|Any CPU
		{4D7AC07C-A01D-4F19-A900-F73C718C0EE7}.Release|Any CPU.Build.0 = Release|Any CPU
		{CCE0F3CA-B757-43AE-B07C-D36F358E6D82}.Debug|Any CPU.ActiveCfg = Debug|Any CPU
		{CCE0F3CA-B757-43AE-B07C-D36F358E6D82}.Debug|Any CPU.Build.0 = Debug|Any CPU
		{CCE0F3CA-B757-43AE-B07C-D36F358E6D82}.Release|Any CPU.ActiveCfg = Release|Any CPU
		{CCE0F3CA-B757-43AE-B07C-D36F358E6D82}.Release|Any CPU.Build.0 = Release|Any CPU
		{22AAE5AD-E66F-4E51-9A09-FE26487B49E8}.Debug|Any CPU.ActiveCfg = Debug|Any CPU
		{22AAE5AD-E66F-4E51-9A09-FE26487B49E8}.Debug|Any CPU.Build.0 = Debug|Any CPU
		{22AAE5AD-E66F-4E51-9A09-FE26487B49E8}.Release|Any CPU.ActiveCfg = Release|Any CPU
		{22AAE5AD-E66F-4E51-9A09-FE26487B49E8}.Release|Any CPU.Build.0 = Release|Any CPU
	EndGlobalSection
	GlobalSection(SolutionProperties) = preSolution
		HideSolutionNode = FALSE
	EndGlobalSection
	GlobalSection(NestedProjects) = preSolution
		{68D9A9DB-C288-484D-955A-209BF6FC5094} = {DDB4EF12-CC4E-5E88-E6FC-71A802F4DE97}
		{2E1EAB21-6AE4-4BF4-8F59-757360ADC4B0} = {71BDC071-3BE7-4868-A23B-FC55BABEFDBD}
		{612C5A04-8CDF-4083-A9C9-D3124DD1EB8E} = {71BDC071-3BE7-4868-A23B-FC55BABEFDBD}
		{017CE9CA-1499-4041-B2D5-B32FD2661742} = {612C5A04-8CDF-4083-A9C9-D3124DD1EB8E}
		{89B49A07-52E1-4B0A-8D7F-D27B356667BF} = {71BDC071-3BE7-4868-A23B-FC55BABEFDBD}
		{06A969E0-6A4E-4405-9161-60E4B768C711} = {71BDC071-3BE7-4868-A23B-FC55BABEFDBD}
		{B153EF5D-061B-4BEA-B902-EC69D00870EE} = {06A969E0-6A4E-4405-9161-60E4B768C711}
		{08DE0F35-F523-4EE0-9FA3-EDE6BEE382B9} = {612C5A04-8CDF-4083-A9C9-D3124DD1EB8E}
		{8D9554B5-DA48-4434-BE99-DABD4D39D611} = {42F9DE85-DFFF-4BE0-B4F2-EFB9B0C563EF}
		{23C60EFB-D078-420C-9419-35A9003C32A2} = {42F9DE85-DFFF-4BE0-B4F2-EFB9B0C563EF}
		{D1AE767F-EC61-4480-AA74-E1B78C3EC367} = {23C60EFB-D078-420C-9419-35A9003C32A2}
		{36E23F7B-60C0-40C2-8353-5EAA5C5E3E0E} = {42F9DE85-DFFF-4BE0-B4F2-EFB9B0C563EF}
		{D00B9007-DDC0-4783-BE3B-B80A9946EC3A} = {23C60EFB-D078-420C-9419-35A9003C32A2}
		{1314517A-679E-4A22-A536-D1E92B2B2E9C} = {63DA03D3-C3CA-49F8-B4C1-7896E5F46EEF}
		{DB400181-F6DB-41DB-BD42-E1713C8906F5} = {63DA03D3-C3CA-49F8-B4C1-7896E5F46EEF}
		{C78F9B7B-CC8D-4DA5-B745-A513C3610667} = {DB400181-F6DB-41DB-BD42-E1713C8906F5}
		{C1D63E63-E64B-FCB7-4276-5EBCB0FEC291} = {DB400181-F6DB-41DB-BD42-E1713C8906F5}
		{C1EB630E-2CE0-4253-8858-7BAEEADB9EB0} = {007BE683-D557-481D-8F30-25570B034DA9}
		{EF3BC4F6-E882-4DB7-B489-15338988B45B} = {DC9863D6-688D-4E0B-A344-F8DA4E0712D4}
		{C5DED806-E91A-4366-BC3B-03BFC19179CE} = {EF3BC4F6-E882-4DB7-B489-15338988B45B}
		{5F2171FA-B0E6-47FC-9DB0-78E2EE99743A} = {DC9863D6-688D-4E0B-A344-F8DA4E0712D4}
		{73226471-5F7E-4760-B2A3-7F2757C5144C} = {DC9863D6-688D-4E0B-A344-F8DA4E0712D4}
		{F7CB47B1-D7B3-42DB-9804-37CF076F1BAD} = {EF3BC4F6-E882-4DB7-B489-15338988B45B}
		{E10430E2-8DAA-4B01-BB3C-C4FA5688E4E3} = {79ED9938-7150-4060-A127-00076DCADD9A}
		{4112E704-EBF5-4514-BA71-E1F09E449402} = {79ED9938-7150-4060-A127-00076DCADD9A}
		{50A5C515-AEFD-44F8-9CD8-3054E3C6EF48} = {4112E704-EBF5-4514-BA71-E1F09E449402}
		{744D0B4B-2831-490A-B1CA-8CE647F3EEC6} = {4112E704-EBF5-4514-BA71-E1F09E449402}
		{D6D867F6-649E-4E56-8A07-6E2F13769830} = {4112E704-EBF5-4514-BA71-E1F09E449402}
		{E7FF8864-E6A4-4C48-AD51-F1BB7F1FD590} = {4112E704-EBF5-4514-BA71-E1F09E449402}
		{A88BE5C9-C946-42A8-9360-57DD41793123} = {56ADE803-ACAA-4E94-8BF0-30175B83B60D}
		{F2676DBD-772D-491E-AA82-8F721D5C9A1B} = {56ADE803-ACAA-4E94-8BF0-30175B83B60D}
		{9B7109BC-3AF0-4C49-8076-99DFBFFF0742} = {A88BE5C9-C946-42A8-9360-57DD41793123}
		{00829948-CC5B-4758-9F20-C4CF42A02268} = {A88BE5C9-C946-42A8-9360-57DD41793123}
		{2213E7B9-F94A-457D-99CD-2DC75A0D9659} = {A88BE5C9-C946-42A8-9360-57DD41793123}
		{EB971E9D-E84C-446D-8743-56BFA8882B40} = {74164E74-254B-479E-AAA6-02F0AFF37DA1}
		{99765113-4C4E-4265-85F1-C63BF12C651C} = {EB971E9D-E84C-446D-8743-56BFA8882B40}
		{BA3B5C5E-D6A4-39ED-6760-036CDB62E249} = {74164E74-254B-479E-AAA6-02F0AFF37DA1}
		{1327F99B-2120-4C7D-9A71-993CFB4277E0} = {74164E74-254B-479E-AAA6-02F0AFF37DA1}
		{E158184A-AE60-42C8-9134-D5C0A63E4100} = {EB971E9D-E84C-446D-8743-56BFA8882B40}
		{6EF7678A-A725-F430-3097-30F090C0100A} = {DAFAC60C-0228-453E-8664-C04BEC7A8A0C}
		{010D0C11-D6A2-3CA6-3281-4E0FD547EC2D} = {DAFAC60C-0228-453E-8664-C04BEC7A8A0C}
		{E1B8B3C1-88BA-4963-BA19-4DCA74ADC9B1} = {6045F4B5-699C-4F7B-A963-78D1149E0FB2}
		{9BD0E06A-7195-45BA-9845-02D1A9393DEC} = {6045F4B5-699C-4F7B-A963-78D1149E0FB2}
		{493A05FE-6114-496D-9B32-2520CC08E17B} = {9BD0E06A-7195-45BA-9845-02D1A9393DEC}
		{52442FBF-AB1E-12BC-8344-0695887AC3CB} = {9BD0E06A-7195-45BA-9845-02D1A9393DEC}
		{13EA441B-E72F-5CA2-D5D4-B3F52139D7CF} = {9BD0E06A-7195-45BA-9845-02D1A9393DEC}
		{EDE4CA88-546F-4115-9F2D-A47B2B9CCE4D} = {DC9863D6-688D-4E0B-A344-F8DA4E0712D4}
		{6C2A2BBC-548D-4BC6-95C8-E7ADF22AD5E4} = {86C7DA04-4C84-4EC8-8A7B-60FA4A6C161C}
		{98FBE123-FB58-444C-95D6-77D216ED33B0} = {86C7DA04-4C84-4EC8-8A7B-60FA4A6C161C}
		{B46F9C19-0C86-4797-B380-6F0A5EA8B050} = {6C2A2BBC-548D-4BC6-95C8-E7ADF22AD5E4}
		{F01C3B69-9D05-4BEF-26EB-57BAD926097B} = {6C2A2BBC-548D-4BC6-95C8-E7ADF22AD5E4}
		{414DFFD5-4A0F-DD91-933A-D9585859A325} = {6C2A2BBC-548D-4BC6-95C8-E7ADF22AD5E4}
		{60468389-5C2E-4B7F-A69F-DAB7034FA8B1} = {991E14E1-1EB8-4C29-8413-B320BA5D43CC}
		{8773D2DB-6581-47A5-B3E1-ED149DFEB745} = {991E14E1-1EB8-4C29-8413-B320BA5D43CC}
		{81161CDC-D7A2-56B0-8824-AB83E673798D} = {991E14E1-1EB8-4C29-8413-B320BA5D43CC}
		{D2E59889-A584-4022-A89E-748402CD48AE} = {7D231B1A-4AFE-40E0-A925-6A33B6961E85}
		{13358BA5-0438-3E4C-F588-0ADCD370DE2D} = {7D231B1A-4AFE-40E0-A925-6A33B6961E85}
		{7156B9E6-14C9-29D4-72FE-E1EF73C7F6A5} = {7D231B1A-4AFE-40E0-A925-6A33B6961E85}
		{5E4DE445-A0F2-D6ED-D38C-56DBD678B2E6} = {D2E59889-A584-4022-A89E-748402CD48AE}
		{7BB5F76B-4718-E395-342F-35DC778F96AE} = {D2E59889-A584-4022-A89E-748402CD48AE}
		{4118F304-887E-6590-EC87-4FFBE8127FFA} = {D2E59889-A584-4022-A89E-748402CD48AE}
		{2548189C-8976-4E4E-89FD-848C104817E3} = {7D231B1A-4AFE-40E0-A925-6A33B6961E85}
		{A17DB6FE-E86D-4665-9815-2BA69AFD2377} = {D2E59889-A584-4022-A89E-748402CD48AE}
		{A3277701-7932-4B92-9B2E-5136897FE504} = {D2E59889-A584-4022-A89E-748402CD48AE}
		{B1664C9A-FDBE-4FB0-A362-A59E1EB5CFDD} = {936777CB-65FD-4C09-B6CC-79A0B90779EC}
		{A8C55E2E-1F89-43C2-8C1E-0B73BFD47822} = {936777CB-65FD-4C09-B6CC-79A0B90779EC}
		{B6BD3EA5-29E4-49DF-9C76-969D9D70144D} = {936777CB-65FD-4C09-B6CC-79A0B90779EC}
		{8FBDDD79-818E-6752-3B00-45F40DDA6723} = {936777CB-65FD-4C09-B6CC-79A0B90779EC}
		{6954E5F2-C535-4D87-80AB-F4138E7C147B} = {936777CB-65FD-4C09-B6CC-79A0B90779EC}
		{A5A182B1-14E5-4A9E-B3D4-E83E63D5588F} = {936777CB-65FD-4C09-B6CC-79A0B90779EC}
		{37B3D01D-C5AC-7D28-36E6-BFBFE80475B2} = {D0805BC2-EBFC-4721-A98C-CE09F3081DD6}
		{A1A42CC9-4934-902E-3830-8D4A7288F4C6} = {D0805BC2-EBFC-4721-A98C-CE09F3081DD6}
		{1DA39CBA-1767-465B-BB71-95F1BF338939} = {DD1B8C15-BE20-4D16-823E-3F6B80FBB957}
		{588C77CC-2C0E-45F3-A50D-ADF283B67B40} = {DD1B8C15-BE20-4D16-823E-3F6B80FBB957}
		{1E706721-7CD3-4DA1-9B91-C8060414C33B} = {588C77CC-2C0E-45F3-A50D-ADF283B67B40}
		{4016ACD4-D8FD-4618-A58D-50B86CFD6212} = {F91A00E1-BB02-4ACA-8F3E-08D060F044E7}
		{F91A00E1-BB02-4ACA-8F3E-08D060F044E7} = {630C2B7A-96D3-4523-8802-92F23720455A}
		{FBC2E6A0-E6C7-424A-94E9-5FF39FB590D7} = {F91A00E1-BB02-4ACA-8F3E-08D060F044E7}
		{389D5B93-A333-4DD6-851B-8B53BF96D172} = {F91A00E1-BB02-4ACA-8F3E-08D060F044E7}
		{BA2D8939-079E-49A1-8AB3-2D8854F92EBC} = {A70EC0C2-C8BE-4B0C-85ED-320B90378CEF}
		{7C148233-E05E-4202-9991-9B87788B6EFE} = {A70EC0C2-C8BE-4B0C-85ED-320B90378CEF}
		{D7552993-F4E3-479E-9109-97922C4B2B50} = {A70EC0C2-C8BE-4B0C-85ED-320B90378CEF}
		{EBFE82E9-6D2D-4FD3-A0BD-F2D11D9CEB4B} = {A70EC0C2-C8BE-4B0C-85ED-320B90378CEF}
		{FC084381-8F9E-47F6-A712-3580C051D934} = {A70EC0C2-C8BE-4B0C-85ED-320B90378CEF}
		{46BDEFB6-4786-4A91-9F5C-8E71872CC2FF} = {AB5A23CC-E28D-4619-A28F-5EC9897ED2BF}
		{23C95823-F484-4DCB-A944-4E9058FBAFD8} = {AB5A23CC-E28D-4619-A28F-5EC9897ED2BF}
		{7747FF54-2A32-4A1A-A17A-DD4DD7B19FF7} = {23C95823-F484-4DCB-A944-4E9058FBAFD8}
		{00A9EAE8-D623-4A34-8745-A7FE26168321} = {23C95823-F484-4DCB-A944-4E9058FBAFD8}
		{370FF5B9-06A8-4176-9594-341EEFA9FAAC} = {A472E3A1-6EB4-4B4E-801E-A887B71784A3}
		{4D7AC07C-A01D-4F19-A900-F73C718C0EE7} = {23C95823-F484-4DCB-A944-4E9058FBAFD8}
		{CCE0F3CA-B757-43AE-B07C-D36F358E6D82} = {63B4DCE4-7F93-4E72-8DD6-3694927041CF}
		{22AAE5AD-E66F-4E51-9A09-FE26487B49E8} = {936777CB-65FD-4C09-B6CC-79A0B90779EC}
	EndGlobalSection
	GlobalSection(ExtensibilityGlobals) = postSolution
		SolutionGuid = {28BCC89A-A3BD-4783-8893-79F4BA29A7C7}
	EndGlobalSection
EndGlobal
